
Microsoft Visual Studio Solution File, Format Version 12.00
# Visual Studio Version 17
VisualStudioVersion = 17.1.32319.34
MinimumVisualStudioVersion = 10.0.40219.1
Project("{2150E333-8FDC-42A3-9474-1A3956D46DE8}") = "Lesson 7", "Lesson 7", "{FE0BAF1B-2061-4E19-ADAC-D3B1CB5C0FE7}"
EndProject
Project("{9A19103F-16F7-4668-BE54-9A1E7A4F7556}") = "Task 7(1)", "Practice 7\Task 7(1)\Task 7(1).csproj", "{BF098419-F011-4BE5-9C74-8C4A6F869EBC}"
EndProject
Project("{9A19103F-16F7-4668-BE54-9A1E7A4F7556}") = "Task 7(2)", "Practice 7\Task 7(2)\Task 7(2).csproj", "{61420585-55D1-4020-B41F-245E20799EEE}"
EndProject
Project("{9A19103F-16F7-4668-BE54-9A1E7A4F7556}") = "Task 7(3)", "Practice 7\Task 7(3)\Task 7(3).csproj", "{7DF2E544-8542-4D1D-B76C-57C5A4CFBEF4}"
EndProject
Project("{2150E333-8FDC-42A3-9474-1A3956D46DE8}") = "Lesson 8", "Lesson 8", "{DB3A31EA-CEF0-427C-A368-A619ECC6043A}"
EndProject
Project("{9A19103F-16F7-4668-BE54-9A1E7A4F7556}") = "Task 8(1)", "Practice 8\Task 8(1)\Task 8(1).csproj", "{82726351-A9C8-4FD2-AF7D-693561189819}"
EndProject
Project("{FAE04EC0-301F-11D3-BF4B-00C04F79EFBC}") = "Task 8(2)", "Task 8(2)\Task 8(2).csproj", "{D86A2223-28F5-4BDA-9129-46920683E8B9}"
EndProject
Project("{2150E333-8FDC-42A3-9474-1A3956D46DE8}") = "Lesson 9", "Lesson 9", "{6BDFFB9E-A6D1-461D-8B8D-2FB6A746A27E}"
EndProject
Project("{9A19103F-16F7-4668-BE54-9A1E7A4F7556}") = "Task 9(2)", "Practice 9\Task 9(2)\Task 9(2).csproj", "{6C5E6D3E-520C-448E-AF7A-A6B49DD04DBB}"
EndProject
Project("{9A19103F-16F7-4668-BE54-9A1E7A4F7556}") = "Task 9(1)", "Practice 9\Task 9(1)\Task 9(1).csproj", "{8EE56DD5-6693-49CF-9462-8DED2F8F499E}"
EndProject
Project("{2150E333-8FDC-42A3-9474-1A3956D46DE8}") = "Lesson 10", "Lesson 10", "{9C271013-4939-4CC7-829D-2B5B94342F8A}"
EndProject
Project("{9A19103F-16F7-4668-BE54-9A1E7A4F7556}") = "Task 10(1)", "Practice 10\Task 10(1)\Task 10(1).csproj", "{B9EDE902-5FF8-4B44-A559-513F282597E4}"
EndProject
Project("{9A19103F-16F7-4668-BE54-9A1E7A4F7556}") = "Task 10(2)", "Practice 10\Task 10(2)\Task 10(2).csproj", "{067E4693-21A1-44C9-8BEF-9B1D16F0B93B}"
EndProject
Project("{2150E333-8FDC-42A3-9474-1A3956D46DE8}") = "Lesson 11", "Lesson 11", "{55D755B7-36ED-40DD-B856-B280D2DA64C1}"
EndProject
Project("{9A19103F-16F7-4668-BE54-9A1E7A4F7556}") = "Task 11(1)", "Practice 11\Task 11(1)\Task 11(1).csproj", "{426BE424-FF7C-47F6-BD97-C80E3392A7B3}"
EndProject
Project("{9A19103F-16F7-4668-BE54-9A1E7A4F7556}") = "Task 11(2)", "Practice 11\Task 11(2)\Task 11(2).csproj", "{4FE7E0FC-30B5-4929-B2DD-EADF912EB262}"
EndProject
Project("{2150E333-8FDC-42A3-9474-1A3956D46DE8}") = "Lesson 12", "Lesson 12", "{5C54ABB0-464F-4C76-A406-7EE99729BC7C}"
EndProject
Project("{9A19103F-16F7-4668-BE54-9A1E7A4F7556}") = "Task 12(1)", "Practice 12\Task 12(1)\Task 12(1).csproj", "{CA826C64-09E2-43CE-AAC7-D7DF56FA3238}"
EndProject
Project("{9A19103F-16F7-4668-BE54-9A1E7A4F7556}") = "Task 12(2)", "Practice 12\Task 12(2)\Task 12(2).csproj", "{83E68B4E-7CFF-4883-AAAC-5D238D1036BC}"
EndProject
Project("{9A19103F-16F7-4668-BE54-9A1E7A4F7556}") = "Task 12(3)", "Practice 12\Task 12(3)\Task 12(3).csproj", "{6644C962-D407-47A5-AAC4-7B37A3B3F84F}"
EndProject
Project("{2150E333-8FDC-42A3-9474-1A3956D46DE8}") = "Lesson 13", "Lesson 13", "{46A4046F-260E-40D5-91B6-5E249DAF8E72}"
EndProject
Project("{FAE04EC0-301F-11D3-BF4B-00C04F79EFBC}") = "Task 13(2)", "Practice 13\Task 13(2)\Task 13(2).csproj", "{362FB32B-029D-4153-A589-4AFD07343FF8}"
EndProject
Project("{FAE04EC0-301F-11D3-BF4B-00C04F79EFBC}") = "Task 13(1)", "Practice 13\Task 13(1)\Task 13(1).csproj", "{57AAB6D1-1751-4B70-86B5-EB968AE25D29}"
EndProject
Global
	GlobalSection(SolutionConfigurationPlatforms) = preSolution
		Debug|Any CPU = Debug|Any CPU
		Release|Any CPU = Release|Any CPU
	EndGlobalSection
	GlobalSection(ProjectConfigurationPlatforms) = postSolution
		{BF098419-F011-4BE5-9C74-8C4A6F869EBC}.Debug|Any CPU.ActiveCfg = Debug|Any CPU
		{BF098419-F011-4BE5-9C74-8C4A6F869EBC}.Debug|Any CPU.Build.0 = Debug|Any CPU
		{BF098419-F011-4BE5-9C74-8C4A6F869EBC}.Release|Any CPU.ActiveCfg = Release|Any CPU
		{BF098419-F011-4BE5-9C74-8C4A6F869EBC}.Release|Any CPU.Build.0 = Release|Any CPU
		{61420585-55D1-4020-B41F-245E20799EEE}.Debug|Any CPU.ActiveCfg = Debug|Any CPU
		{61420585-55D1-4020-B41F-245E20799EEE}.Debug|Any CPU.Build.0 = Debug|Any CPU
		{61420585-55D1-4020-B41F-245E20799EEE}.Release|Any CPU.ActiveCfg = Release|Any CPU
		{61420585-55D1-4020-B41F-245E20799EEE}.Release|Any CPU.Build.0 = Release|Any CPU
		{7DF2E544-8542-4D1D-B76C-57C5A4CFBEF4}.Debug|Any CPU.ActiveCfg = Debug|Any CPU
		{7DF2E544-8542-4D1D-B76C-57C5A4CFBEF4}.Debug|Any CPU.Build.0 = Debug|Any CPU
		{7DF2E544-8542-4D1D-B76C-57C5A4CFBEF4}.Release|Any CPU.ActiveCfg = Release|Any CPU
		{7DF2E544-8542-4D1D-B76C-57C5A4CFBEF4}.Release|Any CPU.Build.0 = Release|Any CPU
		{82726351-A9C8-4FD2-AF7D-693561189819}.Debug|Any CPU.ActiveCfg = Debug|Any CPU
		{82726351-A9C8-4FD2-AF7D-693561189819}.Debug|Any CPU.Build.0 = Debug|Any CPU
		{82726351-A9C8-4FD2-AF7D-693561189819}.Release|Any CPU.ActiveCfg = Release|Any CPU
		{82726351-A9C8-4FD2-AF7D-693561189819}.Release|Any CPU.Build.0 = Release|Any CPU
		{D86A2223-28F5-4BDA-9129-46920683E8B9}.Debug|Any CPU.ActiveCfg = Debug|Any CPU
		{D86A2223-28F5-4BDA-9129-46920683E8B9}.Debug|Any CPU.Build.0 = Debug|Any CPU
		{D86A2223-28F5-4BDA-9129-46920683E8B9}.Release|Any CPU.ActiveCfg = Release|Any CPU
		{D86A2223-28F5-4BDA-9129-46920683E8B9}.Release|Any CPU.Build.0 = Release|Any CPU
		{6C5E6D3E-520C-448E-AF7A-A6B49DD04DBB}.Debug|Any CPU.ActiveCfg = Debug|Any CPU
		{6C5E6D3E-520C-448E-AF7A-A6B49DD04DBB}.Debug|Any CPU.Build.0 = Debug|Any CPU
		{6C5E6D3E-520C-448E-AF7A-A6B49DD04DBB}.Release|Any CPU.ActiveCfg = Release|Any CPU
		{6C5E6D3E-520C-448E-AF7A-A6B49DD04DBB}.Release|Any CPU.Build.0 = Release|Any CPU
		{8EE56DD5-6693-49CF-9462-8DED2F8F499E}.Debug|Any CPU.ActiveCfg = Debug|Any CPU
		{8EE56DD5-6693-49CF-9462-8DED2F8F499E}.Debug|Any CPU.Build.0 = Debug|Any CPU
		{8EE56DD5-6693-49CF-9462-8DED2F8F499E}.Release|Any CPU.ActiveCfg = Release|Any CPU
		{8EE56DD5-6693-49CF-9462-8DED2F8F499E}.Release|Any CPU.Build.0 = Release|Any CPU
		{B9EDE902-5FF8-4B44-A559-513F282597E4}.Debug|Any CPU.ActiveCfg = Debug|Any CPU
		{B9EDE902-5FF8-4B44-A559-513F282597E4}.Debug|Any CPU.Build.0 = Debug|Any CPU
		{B9EDE902-5FF8-4B44-A559-513F282597E4}.Release|Any CPU.ActiveCfg = Release|Any CPU
		{B9EDE902-5FF8-4B44-A559-513F282597E4}.Release|Any CPU.Build.0 = Release|Any CPU
		{067E4693-21A1-44C9-8BEF-9B1D16F0B93B}.Debug|Any CPU.ActiveCfg = Debug|Any CPU
		{067E4693-21A1-44C9-8BEF-9B1D16F0B93B}.Debug|Any CPU.Build.0 = Debug|Any CPU
		{067E4693-21A1-44C9-8BEF-9B1D16F0B93B}.Release|Any CPU.ActiveCfg = Release|Any CPU
		{067E4693-21A1-44C9-8BEF-9B1D16F0B93B}.Release|Any CPU.Build.0 = Release|Any CPU
		{426BE424-FF7C-47F6-BD97-C80E3392A7B3}.Debug|Any CPU.ActiveCfg = Debug|Any CPU
		{426BE424-FF7C-47F6-BD97-C80E3392A7B3}.Debug|Any CPU.Build.0 = Debug|Any CPU
		{426BE424-FF7C-47F6-BD97-C80E3392A7B3}.Release|Any CPU.ActiveCfg = Release|Any CPU
		{426BE424-FF7C-47F6-BD97-C80E3392A7B3}.Release|Any CPU.Build.0 = Release|Any CPU
		{4FE7E0FC-30B5-4929-B2DD-EADF912EB262}.Debug|Any CPU.ActiveCfg = Debug|Any CPU
		{4FE7E0FC-30B5-4929-B2DD-EADF912EB262}.Debug|Any CPU.Build.0 = Debug|Any CPU
		{4FE7E0FC-30B5-4929-B2DD-EADF912EB262}.Release|Any CPU.ActiveCfg = Release|Any CPU
		{4FE7E0FC-30B5-4929-B2DD-EADF912EB262}.Release|Any CPU.Build.0 = Release|Any CPU
		{CA826C64-09E2-43CE-AAC7-D7DF56FA3238}.Debug|Any CPU.ActiveCfg = Debug|Any CPU
		{CA826C64-09E2-43CE-AAC7-D7DF56FA3238}.Debug|Any CPU.Build.0 = Debug|Any CPU
		{CA826C64-09E2-43CE-AAC7-D7DF56FA3238}.Release|Any CPU.ActiveCfg = Release|Any CPU
		{CA826C64-09E2-43CE-AAC7-D7DF56FA3238}.Release|Any CPU.Build.0 = Release|Any CPU
		{83E68B4E-7CFF-4883-AAAC-5D238D1036BC}.Debug|Any CPU.ActiveCfg = Debug|Any CPU
		{83E68B4E-7CFF-4883-AAAC-5D238D1036BC}.Debug|Any CPU.Build.0 = Debug|Any CPU
		{83E68B4E-7CFF-4883-AAAC-5D238D1036BC}.Release|Any CPU.ActiveCfg = Release|Any CPU
		{83E68B4E-7CFF-4883-AAAC-5D238D1036BC}.Release|Any CPU.Build.0 = Release|Any CPU
		{6644C962-D407-47A5-AAC4-7B37A3B3F84F}.Debug|Any CPU.ActiveCfg = Debug|Any CPU
		{6644C962-D407-47A5-AAC4-7B37A3B3F84F}.Debug|Any CPU.Build.0 = Debug|Any CPU
		{6644C962-D407-47A5-AAC4-7B37A3B3F84F}.Release|Any CPU.ActiveCfg = Release|Any CPU
		{6644C962-D407-47A5-AAC4-7B37A3B3F84F}.Release|Any CPU.Build.0 = Release|Any CPU
		{362FB32B-029D-4153-A589-4AFD07343FF8}.Debug|Any CPU.ActiveCfg = Debug|Any CPU
		{362FB32B-029D-4153-A589-4AFD07343FF8}.Debug|Any CPU.Build.0 = Debug|Any CPU
		{362FB32B-029D-4153-A589-4AFD07343FF8}.Release|Any CPU.ActiveCfg = Release|Any CPU
		{362FB32B-029D-4153-A589-4AFD07343FF8}.Release|Any CPU.Build.0 = Release|Any CPU
		{57AAB6D1-1751-4B70-86B5-EB968AE25D29}.Debug|Any CPU.ActiveCfg = Debug|Any CPU
		{57AAB6D1-1751-4B70-86B5-EB968AE25D29}.Debug|Any CPU.Build.0 = Debug|Any CPU
		{57AAB6D1-1751-4B70-86B5-EB968AE25D29}.Release|Any CPU.ActiveCfg = Release|Any CPU
		{57AAB6D1-1751-4B70-86B5-EB968AE25D29}.Release|Any CPU.Build.0 = Release|Any CPU
	EndGlobalSection
	GlobalSection(SolutionProperties) = preSolution
		HideSolutionNode = FALSE
	EndGlobalSection
	GlobalSection(NestedProjects) = preSolution
		{BF098419-F011-4BE5-9C74-8C4A6F869EBC} = {FE0BAF1B-2061-4E19-ADAC-D3B1CB5C0FE7}
		{61420585-55D1-4020-B41F-245E20799EEE} = {FE0BAF1B-2061-4E19-ADAC-D3B1CB5C0FE7}
		{7DF2E544-8542-4D1D-B76C-57C5A4CFBEF4} = {FE0BAF1B-2061-4E19-ADAC-D3B1CB5C0FE7}
		{82726351-A9C8-4FD2-AF7D-693561189819} = {DB3A31EA-CEF0-427C-A368-A619ECC6043A}
		{D86A2223-28F5-4BDA-9129-46920683E8B9} = {DB3A31EA-CEF0-427C-A368-A619ECC6043A}
		{6C5E6D3E-520C-448E-AF7A-A6B49DD04DBB} = {6BDFFB9E-A6D1-461D-8B8D-2FB6A746A27E}
		{8EE56DD5-6693-49CF-9462-8DED2F8F499E} = {6BDFFB9E-A6D1-461D-8B8D-2FB6A746A27E}
		{B9EDE902-5FF8-4B44-A559-513F282597E4} = {9C271013-4939-4CC7-829D-2B5B94342F8A}
		{067E4693-21A1-44C9-8BEF-9B1D16F0B93B} = {9C271013-4939-4CC7-829D-2B5B94342F8A}
		{426BE424-FF7C-47F6-BD97-C80E3392A7B3} = {55D755B7-36ED-40DD-B856-B280D2DA64C1}
		{4FE7E0FC-30B5-4929-B2DD-EADF912EB262} = {55D755B7-36ED-40DD-B856-B280D2DA64C1}
		{CA826C64-09E2-43CE-AAC7-D7DF56FA3238} = {5C54ABB0-464F-4C76-A406-7EE99729BC7C}
		{83E68B4E-7CFF-4883-AAAC-5D238D1036BC} = {5C54ABB0-464F-4C76-A406-7EE99729BC7C}
		{6644C962-D407-47A5-AAC4-7B37A3B3F84F} = {5C54ABB0-464F-4C76-A406-7EE99729BC7C}
		{362FB32B-029D-4153-A589-4AFD07343FF8} = {46A4046F-260E-40D5-91B6-5E249DAF8E72}
		{57AAB6D1-1751-4B70-86B5-EB968AE25D29} = {46A4046F-260E-40D5-91B6-5E249DAF8E72}
	EndGlobalSection
	GlobalSection(ExtensibilityGlobals) = postSolution
		SolutionGuid = {AB01A021-EBC8-4652-B69F-84F0F7FAF1B2}
	EndGlobalSection
EndGlobal
