
Microsoft Visual Studio Solution File, Format Version 12.00
# Visual Studio Version 17
VisualStudioVersion = 17.1.32319.34
MinimumVisualStudioVersion = 10.0.40219.1
Project("{2150E333-8FDC-42A3-9474-1A3956D46DE8}") = "Lesson 7", "Lesson 7", "{FE0BAF1B-2061-4E19-ADAC-D3B1CB5C0FE7}"
EndProject
Project("{9A19103F-16F7-4668-BE54-9A1E7A4F7556}") = "Task 7(1)", "Practice 7\Task 7(1)\Task 7(1).csproj", "{BF098419-F011-4BE5-9C74-8C4A6F869EBC}"
EndProject
Project("{9A19103F-16F7-4668-BE54-9A1E7A4F7556}") = "Task 7(2)", "Practice 7\Task 7(2)\Task 7(2).csproj", "{61420585-55D1-4020-B41F-245E20799EEE}"
EndProject
Project("{9A19103F-16F7-4668-BE54-9A1E7A4F7556}") = "Task 7(3)", "Practice 7\Task 7(3)\Task 7(3).csproj", "{7DF2E544-8542-4D1D-B76C-57C5A4CFBEF4}"
EndProject
Project("{2150E333-8FDC-42A3-9474-1A3956D46DE8}") = "Lesson 8", "Lesson 8", "{DB3A31EA-CEF0-427C-A368-A619ECC6043A}"
EndProject
Project("{9A19103F-16F7-4668-BE54-9A1E7A4F7556}") = "Task 8(1)", "Practice 8\Task 8(1)\Task 8(1).csproj", "{82726351-A9C8-4FD2-AF7D-693561189819}"
EndProject
Project("{FAE04EC0-301F-11D3-BF4B-00C04F79EFBC}") = "Task 8(2)", "Task 8(2)\Task 8(2).csproj", "{D86A2223-28F5-4BDA-9129-46920683E8B9}"
EndProject
Project("{2150E333-8FDC-42A3-9474-1A3956D46DE8}") = "Lesson 9", "Lesson 9", "{6BDFFB9E-A6D1-461D-8B8D-2FB6A746A27E}"
EndProject
Project("{9A19103F-16F7-4668-BE54-9A1E7A4F7556}") = "Task 9(2)", "Practice 9\Task 9(2)\Task 9(2).csproj", "{6C5E6D3E-520C-448E-AF7A-A6B49DD04DBB}"
EndProject
Project("{9A19103F-16F7-4668-BE54-9A1E7A4F7556}") = "Task 9(1)", "Practice 9\Task 9(1)\Task 9(1).csproj", "{8EE56DD5-6693-49CF-9462-8DED2F8F499E}"
EndProject
Project("{2150E333-8FDC-42A3-9474-1A3956D46DE8}") = "Lesson 10", "Lesson 10", "{9C271013-4939-4CC7-829D-2B5B94342F8A}"
EndProject
Project("{9A19103F-16F7-4668-BE54-9A1E7A4F7556}") = "Task 10(1)", "Practice 10\Task 10(1)\Task 10(1).csproj", "{B9EDE902-5FF8-4B44-A559-513F282597E4}"
EndProject
Project("{9A19103F-16F7-4668-BE54-9A1E7A4F7556}") = "Task 10(2)", "Practice 10\Task 10(2)\Task 10(2).csproj", "{067E4693-21A1-44C9-8BEF-9B1D16F0B93B}"
EndProject
Project("{2150E333-8FDC-42A3-9474-1A3956D46DE8}") = "Lesson 11", "Lesson 11", "{55D755B7-36ED-40DD-B856-B280D2DA64C1}"
EndProject
Project("{9A19103F-16F7-4668-BE54-9A1E7A4F7556}") = "Task 11(1)", "Practice 11\Task 11(1)\Task 11(1).csproj", "{426BE424-FF7C-47F6-BD97-C80E3392A7B3}"
EndProject
Project("{9A19103F-16F7-4668-BE54-9A1E7A4F7556}") = "Task 11(2)", "Practice 11\Task 11(2)\Task 11(2).csproj", "{4FE7E0FC-30B5-4929-B2DD-EADF912EB262}"
EndProject
Project("{2150E333-8FDC-42A3-9474-1A3956D46DE8}") = "Lesson 12", "Lesson 12", "{5C54ABB0-464F-4C76-A406-7EE99729BC7C}"
EndProject
Project("{9A19103F-16F7-4668-BE54-9A1E7A4F7556}") = "Task 12(1)", "Practice 12\Task 12(1)\Task 12(1).csproj", "{CA826C64-09E2-43CE-AAC7-D7DF56FA3238}"
EndProject
Project("{9A19103F-16F7-4668-BE54-9A1E7A4F7556}") = "Task 12(2)", "Practice 12\Task 12(2)\Task 12(2).csproj", "{83E68B4E-7CFF-4883-AAAC-5D238D1036BC}"
EndProject
Project("{9A19103F-16F7-4668-BE54-9A1E7A4F7556}") = "Task 12(3)", "Practice 12\Task 12(3)\Task 12(3).csproj", "{6644C962-D407-47A5-AAC4-7B37A3B3F84F}"
EndProject
Project("{2150E333-8FDC-42A3-9474-1A3956D46DE8}") = "Lesson 13", "Lesson 13", "{46A4046F-260E-40D5-91B6-5E249DAF8E72}"
EndProject
Project("{9A19103F-16F7-4668-BE54-9A1E7A4F7556}") = "Task 13(2)", "Practice 13\Task 13(2)\Task 13(2).csproj", "{362FB32B-029D-4153-A589-4AFD07343FF8}"
EndProject
Project("{9A19103F-16F7-4668-BE54-9A1E7A4F7556}") = "Task 13(1)", "Practice 13\Task 13(1)\Task 13(1).csproj", "{57AAB6D1-1751-4B70-86B5-EB968AE25D29}"
EndProject
Project("{2150E333-8FDC-42A3-9474-1A3956D46DE8}") = "Lesson 14", "Lesson 14", "{E4BFC524-BE90-4F32-BB56-C37BF80389C0}"
EndProject
Project("{9A19103F-16F7-4668-BE54-9A1E7A4F7556}") = "Task 14(1)", "Practice 14\Task 14(1)\Task 14(1).csproj", "{52810657-47B9-418D-8D61-CA93ADB77E68}"
EndProject
Project("{9A19103F-16F7-4668-BE54-9A1E7A4F7556}") = "Task 14(2)", "Practice 14\Task 14(2)\Task 14(2).csproj", "{71C33E38-CDBA-4872-8A58-F63B481D4B72}"
EndProject
Project("{9A19103F-16F7-4668-BE54-9A1E7A4F7556}") = "Task 14(3)", "Practice 14\Task 14(3)\Task 14(3).csproj", "{09457BDE-35E6-4B6A-813E-4587E5CBC56C}"
EndProject
Project("{2150E333-8FDC-42A3-9474-1A3956D46DE8}") = "Lesson 15", "Lesson 15", "{2F030085-0AC4-40F6-B607-41777DE403A3}"
EndProject
Project("{9A19103F-16F7-4668-BE54-9A1E7A4F7556}") = "Task 15(1)", "Practice 15\Task 15(1)\Task 15(1).csproj", "{175DB5AC-DF0C-47F6-BAB4-92E5D25182F7}"
EndProject
Project("{9A19103F-16F7-4668-BE54-9A1E7A4F7556}") = "Task 15(2)", "Practice 15\Task 15(2)\Task 15(2).csproj", "{08F174BE-95D1-4884-9E2A-4291D25583ED}"
EndProject
Project("{2150E333-8FDC-42A3-9474-1A3956D46DE8}") = "Lesson 16", "Lesson 16", "{C0DD54C3-6B7E-476B-9BA0-F97A63C32F05}"
EndProject
Project("{9A19103F-16F7-4668-BE54-9A1E7A4F7556}") = "Task 16(1)", "Practice 16\Task 16(1)\Task 16(1).csproj", "{8ECB1CA6-6AD6-46A3-84D8-BA96514EE5A7}"
EndProject
Project("{9A19103F-16F7-4668-BE54-9A1E7A4F7556}") = "Task 16(2)", "Practice 16\Task 16(2)\Task 16(2).csproj", "{C17F8F3B-393C-4D06-A2B5-D6A5A1935086}"
EndProject
Project("{2150E333-8FDC-42A3-9474-1A3956D46DE8}") = "Lesson 17", "Lesson 17", "{FCF387E6-3FD7-4B65-A806-5E46930FDD69}"
EndProject
Project("{9A19103F-16F7-4668-BE54-9A1E7A4F7556}") = "Library17", "Practice 17\Library17\Library17.csproj", "{637599AF-F939-403F-8E27-4CB354B5F3C6}"
EndProject
Project("{9A19103F-16F7-4668-BE54-9A1E7A4F7556}") = "Task 17(1)", "Practice 17\Task 17(1)\Task 17(1).csproj", "{33DD70D1-D99B-491A-9F39-03EF5527A963}"
EndProject
Project("{9A19103F-16F7-4668-BE54-9A1E7A4F7556}") = "Library17_2", "Practice 17\Library17_2\Library17_2.csproj", "{733178D5-7AFB-4E1F-B9F0-CF02A84D8588}"
EndProject
Project("{9A19103F-16F7-4668-BE54-9A1E7A4F7556}") = "Task 17(2)", "Practice 17\Task 17(2)\Task 17(2).csproj", "{9D5F68CF-5031-4033-86FD-94561CC002BC}"
EndProject
Project("{2150E333-8FDC-42A3-9474-1A3956D46DE8}") = "Lesson 18", "Lesson 18", "{11E81C33-6387-4B58-9CDE-F2B238DA1D30}"
EndProject
Project("{9A19103F-16F7-4668-BE54-9A1E7A4F7556}") = "Task 18(1)", "Practice 18\Task 18(1)\Task 18(1).csproj", "{7B2C4C37-6F70-4CD3-9CA9-E72D19807E2C}"
EndProject
Project("{9A19103F-16F7-4668-BE54-9A1E7A4F7556}") = "Task 18(2)", "Practice 18\Task 18(2)\Task 18(2).csproj", "{F32F5F3F-1FB1-41D9-AD6F-218A358B89AB}"
EndProject
Project("{2150E333-8FDC-42A3-9474-1A3956D46DE8}") = "Lesson 19", "Lesson 19", "{40BA6611-D520-42CC-90E3-CE2284A66176}"
EndProject
Project("{9A19103F-16F7-4668-BE54-9A1E7A4F7556}") = "Task 19(1)", "Practice 19\Task 19(1)\Task 19(1).csproj", "{6948B452-4C6A-4008-845E-000D63ED6C3B}"
EndProject
Project("{9A19103F-16F7-4668-BE54-9A1E7A4F7556}") = "Task 19(2)", "Practice 19\Task 19(2)\Task 19(2).csproj", "{2D788858-D70D-453E-A3A6-823397BE055B}"
EndProject
Project("{9A19103F-16F7-4668-BE54-9A1E7A4F7556}") = "Task 19(3)", "Practice 19\Task 19(3)\Task 19(3).csproj", "{3235EFEF-0BE9-4A83-8A0F-3B6BB6E4A153}"
EndProject
Project("{2150E333-8FDC-42A3-9474-1A3956D46DE8}") = "Lesson 20", "Lesson 20", "{040A00FB-4101-41C6-A240-20D40237BD3F}"
EndProject
Project("{9A19103F-16F7-4668-BE54-9A1E7A4F7556}") = "Task 20(1)", "Practice 20\Task 20(1)\Task 20(1).csproj", "{0F5D4800-3F76-4DA1-8BBC-0F59D6E0C7B7}"
EndProject
Project("{9A19103F-16F7-4668-BE54-9A1E7A4F7556}") = "Task 20(2)", "Practice 20\Task 20(2)\Task 20(2).csproj", "{D0206D18-E538-492F-920C-EB460CB9039A}"
EndProject
Project("{9A19103F-16F7-4668-BE54-9A1E7A4F7556}") = "Task 20(3)", "Practice 20\Task 20(3)\Task 20(3).csproj", "{8B1D0310-B5E3-4950-9C90-E9012C71B3C3}"
EndProject
Project("{2150E333-8FDC-42A3-9474-1A3956D46DE8}") = "Lesson 21", "Lesson 21", "{7A02CC88-3104-4CD3-9F49-72112A92782D}"
EndProject
Project("{9A19103F-16F7-4668-BE54-9A1E7A4F7556}") = "Task 21(1)", "Practice 21\Task 21(1)\Task 21(1).csproj", "{23487D5F-A63D-40F7-8DA8-4801DBD4DB32}"
EndProject
Project("{2150E333-8FDC-42A3-9474-1A3956D46DE8}") = "Lesson 22", "Lesson 22", "{7375D03E-C9C4-458F-B0A6-BA33CB341A23}"
EndProject
Project("{FAE04EC0-301F-11D3-BF4B-00C04F79EFBC}") = "Form 22(1)", "Practice 22\Form 22(1)\Form 22(1).csproj", "{BE37C687-316A-47A1-A586-B6769BFD8F4F}"
EndProject
Project("{FAE04EC0-301F-11D3-BF4B-00C04F79EFBC}") = "Form 22(2)", "Practice 22\Form 22(2)\Form 22(2).csproj", "{38EBAF8D-2AF7-4041-9B48-90FB42C227A3}"
EndProject
Project("{FAE04EC0-301F-11D3-BF4B-00C04F79EFBC}") = "Form 22(3)", "Practice 22\Form 22(3)\Form 22(3).csproj", "{FDB7DD4A-4F5B-404F-B318-1D2A5062376B}"
EndProject
Project("{2150E333-8FDC-42A3-9474-1A3956D46DE8}") = "Lesson 23", "Lesson 23", "{A7202904-B63C-4B60-BE59-9317CE874E03}"
EndProject
Project("{FAE04EC0-301F-11D3-BF4B-00C04F79EFBC}") = "Form 23(1)", "Practice 23\Form 23(1)\Form 23(1).csproj", "{C61580A7-12C0-4445-BF12-82A0B0A3E017}"
EndProject
Project("{FAE04EC0-301F-11D3-BF4B-00C04F79EFBC}") = "Form 23(2)", "Practice 23\Form 23(2)\Form 23(2).csproj", "{ECC8CACD-2D7E-4330-A9F5-710E3D4190D6}"
EndProject
Project("{FAE04EC0-301F-11D3-BF4B-00C04F79EFBC}") = "Form 23(3)", "Practice 23\Form 23(3)\Form 23(3).csproj", "{0775B1F9-6483-45F1-8538-E9CE387E5F6A}"
EndProject
Project("{FAE04EC0-301F-11D3-BF4B-00C04F79EFBC}") = "From 23(4)", "Practice 23\From 23(4)\From 23(4).csproj", "{2412D414-3CA4-428D-8AD2-D79F6CE19114}"
EndProject
Project("{2150E333-8FDC-42A3-9474-1A3956D46DE8}") = "Lesson 24", "Lesson 24", "{8EA78BCC-8986-4A64-B128-E138F0BED229}"
EndProject
Project("{FAE04EC0-301F-11D3-BF4B-00C04F79EFBC}") = "Form 24(1)", "Practice 24\Form 24(1)\Form 24(1).csproj", "{03EAEBFF-C4E5-4DBF-88A7-1186A3F990D6}"
EndProject
Project("{FAE04EC0-301F-11D3-BF4B-00C04F79EFBC}") = "Form 24(2)", "Practice 24\Form 24(2)\Form 24(2).csproj", "{97551158-9E6A-4C1D-9A23-C4FECC456F1D}"
EndProject
Project("{2150E333-8FDC-42A3-9474-1A3956D46DE8}") = "Lesson 25", "Lesson 25", "{303BD47F-46DB-4F9D-9F30-17C01EDCE00E}"
EndProject
Project("{FAE04EC0-301F-11D3-BF4B-00C04F79EFBC}") = "Form 25(1)", "Practice 25\Form 25(1)\Form 25(1).csproj", "{2E0A2264-967C-48EB-92EB-6CCDFB343920}"
EndProject
Project("{FAE04EC0-301F-11D3-BF4B-00C04F79EFBC}") = "Form 25(2)", "Practice 25\Form 25(2)\Form 25(2).csproj", "{2F5D3DBF-A0DC-4285-A532-8F58C042691A}"
EndProject
Project("{FAE04EC0-301F-11D3-BF4B-00C04F79EFBC}") = "Form 25(3)", "Practice 25\Form 25(3)\Form 25(3).csproj", "{AE9EE712-9140-4858-B9C2-8CEFEBDBA5B8}"
EndProject
Project("{2150E333-8FDC-42A3-9474-1A3956D46DE8}") = "Lesson 26", "Lesson 26", "{1351DFC2-D42A-4FD5-A174-D3AD4C1F2A4D}"
EndProject
Project("{FAE04EC0-301F-11D3-BF4B-00C04F79EFBC}") = "Form 26(1)", "Practice 26\Form 26(1)\Form 26(1).csproj", "{739D309B-CC51-419E-AA5C-82812C71DAF6}"
EndProject
Project("{2150E333-8FDC-42A3-9474-1A3956D46DE8}") = "Lesson 27", "Lesson 27", "{9BB2EA03-E92B-4A8F-9D00-0CDAC0312617}"
EndProject
Project("{FAE04EC0-301F-11D3-BF4B-00C04F79EFBC}") = "Form 27(1)", "Practice 27\Form 27(1)\Form 27(1).csproj", "{B63AACD1-5015-438A-A0A3-DE5DAC359513}"
EndProject
Project("{2150E333-8FDC-42A3-9474-1A3956D46DE8}") = "Lesson 28", "Lesson 28", "{710A8A06-544A-4040-B06D-93FB91BE4E79}"
EndProject
Project("{FAE04EC0-301F-11D3-BF4B-00C04F79EFBC}") = "Form 28", "Practice 28\Form 28\Form 28.csproj", "{177991E4-CE16-4541-B88C-33A1D0B98ED3}"
EndProject
Project("{2150E333-8FDC-42A3-9474-1A3956D46DE8}") = "Lesson 29", "Lesson 29", "{19F4E7D2-79D3-4B5D-885D-AF777B52876A}"
EndProject
Project("{FAE04EC0-301F-11D3-BF4B-00C04F79EFBC}") = "Form 29(1)", "Practice 29\Form 29(1)\Form 29(1).csproj", "{40CFF5FB-1854-4E32-B49D-7D05B8926FA3}"
EndProject
Project("{FAE04EC0-301F-11D3-BF4B-00C04F79EFBC}") = "Form 29(2)", "Practice 29\Form 29(2)\Form 29(2).csproj", "{3C13AED1-BF99-48B5-A75F-C0F2889EA993}"
EndProject
Project("{FAE04EC0-301F-11D3-BF4B-00C04F79EFBC}") = "Form 29(3)", "Practice 29\Form 29(3)\Form 29(3).csproj", "{759AB615-7E11-40E5-9236-F8C9E127B5A4}"
EndProject
Project("{2150E333-8FDC-42A3-9474-1A3956D46DE8}") = "Lesson 30", "Lesson 30", "{A03B1395-43E4-4504-805C-D0F7C3D587F5}"
EndProject
Project("{9A19103F-16F7-4668-BE54-9A1E7A4F7556}") = "task1", "Practice 30\Practice_30\task1\task1.csproj", "{31FA154E-DDBD-456D-8DD8-FBC0FE2B8D07}"
EndProject
Project("{2150E333-8FDC-42A3-9474-1A3956D46DE8}") = "Lesson 34", "Lesson 34", "{3CE5DF0B-0C99-44A1-A328-896B145F0043}"
EndProject
Project("{FAE04EC0-301F-11D3-BF4B-00C04F79EFBC}") = "AppSample", "Practice 34\AppSample\AppSample\AppSample.csproj", "{43801B33-4F26-439B-A39A-56523266EEC3}"
EndProject
Project("{930C7802-8A8C-48F9-8165-68863BCCD9DD}") = "InstallAppSaple", "Practice 34\AppSample\InstallAppSaple\InstallAppSaple.wixproj", "{55035B81-2051-48DA-A80F-2EBAD3D3CDEF}"
EndProject
Global
	GlobalSection(SolutionConfigurationPlatforms) = preSolution
		Debug|Any CPU = Debug|Any CPU
		Debug|x86 = Debug|x86
		Release|Any CPU = Release|Any CPU
		Release|x86 = Release|x86
	EndGlobalSection
	GlobalSection(ProjectConfigurationPlatforms) = postSolution
		{BF098419-F011-4BE5-9C74-8C4A6F869EBC}.Debug|Any CPU.ActiveCfg = Debug|Any CPU
		{BF098419-F011-4BE5-9C74-8C4A6F869EBC}.Debug|Any CPU.Build.0 = Debug|Any CPU
		{BF098419-F011-4BE5-9C74-8C4A6F869EBC}.Debug|x86.ActiveCfg = Debug|Any CPU
		{BF098419-F011-4BE5-9C74-8C4A6F869EBC}.Debug|x86.Build.0 = Debug|Any CPU
		{BF098419-F011-4BE5-9C74-8C4A6F869EBC}.Release|Any CPU.ActiveCfg = Release|Any CPU
		{BF098419-F011-4BE5-9C74-8C4A6F869EBC}.Release|Any CPU.Build.0 = Release|Any CPU
		{BF098419-F011-4BE5-9C74-8C4A6F869EBC}.Release|x86.ActiveCfg = Release|Any CPU
		{BF098419-F011-4BE5-9C74-8C4A6F869EBC}.Release|x86.Build.0 = Release|Any CPU
		{61420585-55D1-4020-B41F-245E20799EEE}.Debug|Any CPU.ActiveCfg = Debug|Any CPU
		{61420585-55D1-4020-B41F-245E20799EEE}.Debug|Any CPU.Build.0 = Debug|Any CPU
		{61420585-55D1-4020-B41F-245E20799EEE}.Debug|x86.ActiveCfg = Debug|Any CPU
		{61420585-55D1-4020-B41F-245E20799EEE}.Debug|x86.Build.0 = Debug|Any CPU
		{61420585-55D1-4020-B41F-245E20799EEE}.Release|Any CPU.ActiveCfg = Release|Any CPU
		{61420585-55D1-4020-B41F-245E20799EEE}.Release|Any CPU.Build.0 = Release|Any CPU
		{61420585-55D1-4020-B41F-245E20799EEE}.Release|x86.ActiveCfg = Release|Any CPU
		{61420585-55D1-4020-B41F-245E20799EEE}.Release|x86.Build.0 = Release|Any CPU
		{7DF2E544-8542-4D1D-B76C-57C5A4CFBEF4}.Debug|Any CPU.ActiveCfg = Debug|Any CPU
		{7DF2E544-8542-4D1D-B76C-57C5A4CFBEF4}.Debug|Any CPU.Build.0 = Debug|Any CPU
		{7DF2E544-8542-4D1D-B76C-57C5A4CFBEF4}.Debug|x86.ActiveCfg = Debug|Any CPU
		{7DF2E544-8542-4D1D-B76C-57C5A4CFBEF4}.Debug|x86.Build.0 = Debug|Any CPU
		{7DF2E544-8542-4D1D-B76C-57C5A4CFBEF4}.Release|Any CPU.ActiveCfg = Release|Any CPU
		{7DF2E544-8542-4D1D-B76C-57C5A4CFBEF4}.Release|Any CPU.Build.0 = Release|Any CPU
		{7DF2E544-8542-4D1D-B76C-57C5A4CFBEF4}.Release|x86.ActiveCfg = Release|Any CPU
		{7DF2E544-8542-4D1D-B76C-57C5A4CFBEF4}.Release|x86.Build.0 = Release|Any CPU
		{82726351-A9C8-4FD2-AF7D-693561189819}.Debug|Any CPU.ActiveCfg = Debug|Any CPU
		{82726351-A9C8-4FD2-AF7D-693561189819}.Debug|Any CPU.Build.0 = Debug|Any CPU
		{82726351-A9C8-4FD2-AF7D-693561189819}.Debug|x86.ActiveCfg = Debug|Any CPU
		{82726351-A9C8-4FD2-AF7D-693561189819}.Debug|x86.Build.0 = Debug|Any CPU
		{82726351-A9C8-4FD2-AF7D-693561189819}.Release|Any CPU.ActiveCfg = Release|Any CPU
		{82726351-A9C8-4FD2-AF7D-693561189819}.Release|Any CPU.Build.0 = Release|Any CPU
		{82726351-A9C8-4FD2-AF7D-693561189819}.Release|x86.ActiveCfg = Release|Any CPU
		{82726351-A9C8-4FD2-AF7D-693561189819}.Release|x86.Build.0 = Release|Any CPU
		{D86A2223-28F5-4BDA-9129-46920683E8B9}.Debug|Any CPU.ActiveCfg = Debug|Any CPU
		{D86A2223-28F5-4BDA-9129-46920683E8B9}.Debug|Any CPU.Build.0 = Debug|Any CPU
		{D86A2223-28F5-4BDA-9129-46920683E8B9}.Debug|x86.ActiveCfg = Debug|Any CPU
		{D86A2223-28F5-4BDA-9129-46920683E8B9}.Release|Any CPU.ActiveCfg = Release|Any CPU
		{D86A2223-28F5-4BDA-9129-46920683E8B9}.Release|Any CPU.Build.0 = Release|Any CPU
		{D86A2223-28F5-4BDA-9129-46920683E8B9}.Release|x86.ActiveCfg = Release|Any CPU
		{6C5E6D3E-520C-448E-AF7A-A6B49DD04DBB}.Debug|Any CPU.ActiveCfg = Debug|Any CPU
		{6C5E6D3E-520C-448E-AF7A-A6B49DD04DBB}.Debug|Any CPU.Build.0 = Debug|Any CPU
		{6C5E6D3E-520C-448E-AF7A-A6B49DD04DBB}.Debug|x86.ActiveCfg = Debug|Any CPU
		{6C5E6D3E-520C-448E-AF7A-A6B49DD04DBB}.Debug|x86.Build.0 = Debug|Any CPU
		{6C5E6D3E-520C-448E-AF7A-A6B49DD04DBB}.Release|Any CPU.ActiveCfg = Release|Any CPU
		{6C5E6D3E-520C-448E-AF7A-A6B49DD04DBB}.Release|Any CPU.Build.0 = Release|Any CPU
		{6C5E6D3E-520C-448E-AF7A-A6B49DD04DBB}.Release|x86.ActiveCfg = Release|Any CPU
		{6C5E6D3E-520C-448E-AF7A-A6B49DD04DBB}.Release|x86.Build.0 = Release|Any CPU
		{8EE56DD5-6693-49CF-9462-8DED2F8F499E}.Debug|Any CPU.ActiveCfg = Debug|Any CPU
		{8EE56DD5-6693-49CF-9462-8DED2F8F499E}.Debug|Any CPU.Build.0 = Debug|Any CPU
		{8EE56DD5-6693-49CF-9462-8DED2F8F499E}.Debug|x86.ActiveCfg = Debug|Any CPU
		{8EE56DD5-6693-49CF-9462-8DED2F8F499E}.Debug|x86.Build.0 = Debug|Any CPU
		{8EE56DD5-6693-49CF-9462-8DED2F8F499E}.Release|Any CPU.ActiveCfg = Release|Any CPU
		{8EE56DD5-6693-49CF-9462-8DED2F8F499E}.Release|Any CPU.Build.0 = Release|Any CPU
		{8EE56DD5-6693-49CF-9462-8DED2F8F499E}.Release|x86.ActiveCfg = Release|Any CPU
		{8EE56DD5-6693-49CF-9462-8DED2F8F499E}.Release|x86.Build.0 = Release|Any CPU
		{B9EDE902-5FF8-4B44-A559-513F282597E4}.Debug|Any CPU.ActiveCfg = Debug|Any CPU
		{B9EDE902-5FF8-4B44-A559-513F282597E4}.Debug|Any CPU.Build.0 = Debug|Any CPU
		{B9EDE902-5FF8-4B44-A559-513F282597E4}.Debug|x86.ActiveCfg = Debug|Any CPU
		{B9EDE902-5FF8-4B44-A559-513F282597E4}.Debug|x86.Build.0 = Debug|Any CPU
		{B9EDE902-5FF8-4B44-A559-513F282597E4}.Release|Any CPU.ActiveCfg = Release|Any CPU
		{B9EDE902-5FF8-4B44-A559-513F282597E4}.Release|Any CPU.Build.0 = Release|Any CPU
		{B9EDE902-5FF8-4B44-A559-513F282597E4}.Release|x86.ActiveCfg = Release|Any CPU
		{B9EDE902-5FF8-4B44-A559-513F282597E4}.Release|x86.Build.0 = Release|Any CPU
		{067E4693-21A1-44C9-8BEF-9B1D16F0B93B}.Debug|Any CPU.ActiveCfg = Debug|Any CPU
		{067E4693-21A1-44C9-8BEF-9B1D16F0B93B}.Debug|Any CPU.Build.0 = Debug|Any CPU
		{067E4693-21A1-44C9-8BEF-9B1D16F0B93B}.Debug|x86.ActiveCfg = Debug|Any CPU
		{067E4693-21A1-44C9-8BEF-9B1D16F0B93B}.Debug|x86.Build.0 = Debug|Any CPU
		{067E4693-21A1-44C9-8BEF-9B1D16F0B93B}.Release|Any CPU.ActiveCfg = Release|Any CPU
		{067E4693-21A1-44C9-8BEF-9B1D16F0B93B}.Release|Any CPU.Build.0 = Release|Any CPU
		{067E4693-21A1-44C9-8BEF-9B1D16F0B93B}.Release|x86.ActiveCfg = Release|Any CPU
		{067E4693-21A1-44C9-8BEF-9B1D16F0B93B}.Release|x86.Build.0 = Release|Any CPU
		{426BE424-FF7C-47F6-BD97-C80E3392A7B3}.Debug|Any CPU.ActiveCfg = Debug|Any CPU
		{426BE424-FF7C-47F6-BD97-C80E3392A7B3}.Debug|Any CPU.Build.0 = Debug|Any CPU
		{426BE424-FF7C-47F6-BD97-C80E3392A7B3}.Debug|x86.ActiveCfg = Debug|Any CPU
		{426BE424-FF7C-47F6-BD97-C80E3392A7B3}.Debug|x86.Build.0 = Debug|Any CPU
		{426BE424-FF7C-47F6-BD97-C80E3392A7B3}.Release|Any CPU.ActiveCfg = Release|Any CPU
		{426BE424-FF7C-47F6-BD97-C80E3392A7B3}.Release|Any CPU.Build.0 = Release|Any CPU
		{426BE424-FF7C-47F6-BD97-C80E3392A7B3}.Release|x86.ActiveCfg = Release|Any CPU
		{426BE424-FF7C-47F6-BD97-C80E3392A7B3}.Release|x86.Build.0 = Release|Any CPU
		{4FE7E0FC-30B5-4929-B2DD-EADF912EB262}.Debug|Any CPU.ActiveCfg = Debug|Any CPU
		{4FE7E0FC-30B5-4929-B2DD-EADF912EB262}.Debug|Any CPU.Build.0 = Debug|Any CPU
		{4FE7E0FC-30B5-4929-B2DD-EADF912EB262}.Debug|x86.ActiveCfg = Debug|Any CPU
		{4FE7E0FC-30B5-4929-B2DD-EADF912EB262}.Debug|x86.Build.0 = Debug|Any CPU
		{4FE7E0FC-30B5-4929-B2DD-EADF912EB262}.Release|Any CPU.ActiveCfg = Release|Any CPU
		{4FE7E0FC-30B5-4929-B2DD-EADF912EB262}.Release|Any CPU.Build.0 = Release|Any CPU
		{4FE7E0FC-30B5-4929-B2DD-EADF912EB262}.Release|x86.ActiveCfg = Release|Any CPU
		{4FE7E0FC-30B5-4929-B2DD-EADF912EB262}.Release|x86.Build.0 = Release|Any CPU
		{CA826C64-09E2-43CE-AAC7-D7DF56FA3238}.Debug|Any CPU.ActiveCfg = Debug|Any CPU
		{CA826C64-09E2-43CE-AAC7-D7DF56FA3238}.Debug|Any CPU.Build.0 = Debug|Any CPU
		{CA826C64-09E2-43CE-AAC7-D7DF56FA3238}.Debug|x86.ActiveCfg = Debug|Any CPU
		{CA826C64-09E2-43CE-AAC7-D7DF56FA3238}.Debug|x86.Build.0 = Debug|Any CPU
		{CA826C64-09E2-43CE-AAC7-D7DF56FA3238}.Release|Any CPU.ActiveCfg = Release|Any CPU
		{CA826C64-09E2-43CE-AAC7-D7DF56FA3238}.Release|Any CPU.Build.0 = Release|Any CPU
		{CA826C64-09E2-43CE-AAC7-D7DF56FA3238}.Release|x86.ActiveCfg = Release|Any CPU
		{CA826C64-09E2-43CE-AAC7-D7DF56FA3238}.Release|x86.Build.0 = Release|Any CPU
		{83E68B4E-7CFF-4883-AAAC-5D238D1036BC}.Debug|Any CPU.ActiveCfg = Debug|Any CPU
		{83E68B4E-7CFF-4883-AAAC-5D238D1036BC}.Debug|Any CPU.Build.0 = Debug|Any CPU
		{83E68B4E-7CFF-4883-AAAC-5D238D1036BC}.Debug|x86.ActiveCfg = Debug|Any CPU
		{83E68B4E-7CFF-4883-AAAC-5D238D1036BC}.Debug|x86.Build.0 = Debug|Any CPU
		{83E68B4E-7CFF-4883-AAAC-5D238D1036BC}.Release|Any CPU.ActiveCfg = Release|Any CPU
		{83E68B4E-7CFF-4883-AAAC-5D238D1036BC}.Release|Any CPU.Build.0 = Release|Any CPU
		{83E68B4E-7CFF-4883-AAAC-5D238D1036BC}.Release|x86.ActiveCfg = Release|Any CPU
		{83E68B4E-7CFF-4883-AAAC-5D238D1036BC}.Release|x86.Build.0 = Release|Any CPU
		{6644C962-D407-47A5-AAC4-7B37A3B3F84F}.Debug|Any CPU.ActiveCfg = Debug|Any CPU
		{6644C962-D407-47A5-AAC4-7B37A3B3F84F}.Debug|Any CPU.Build.0 = Debug|Any CPU
		{6644C962-D407-47A5-AAC4-7B37A3B3F84F}.Debug|x86.ActiveCfg = Debug|Any CPU
		{6644C962-D407-47A5-AAC4-7B37A3B3F84F}.Debug|x86.Build.0 = Debug|Any CPU
		{6644C962-D407-47A5-AAC4-7B37A3B3F84F}.Release|Any CPU.ActiveCfg = Release|Any CPU
		{6644C962-D407-47A5-AAC4-7B37A3B3F84F}.Release|Any CPU.Build.0 = Release|Any CPU
		{6644C962-D407-47A5-AAC4-7B37A3B3F84F}.Release|x86.ActiveCfg = Release|Any CPU
		{6644C962-D407-47A5-AAC4-7B37A3B3F84F}.Release|x86.Build.0 = Release|Any CPU
		{362FB32B-029D-4153-A589-4AFD07343FF8}.Debug|Any CPU.ActiveCfg = Debug|Any CPU
		{362FB32B-029D-4153-A589-4AFD07343FF8}.Debug|Any CPU.Build.0 = Debug|Any CPU
		{362FB32B-029D-4153-A589-4AFD07343FF8}.Debug|x86.ActiveCfg = Debug|Any CPU
		{362FB32B-029D-4153-A589-4AFD07343FF8}.Debug|x86.Build.0 = Debug|Any CPU
		{362FB32B-029D-4153-A589-4AFD07343FF8}.Release|Any CPU.ActiveCfg = Release|Any CPU
		{362FB32B-029D-4153-A589-4AFD07343FF8}.Release|Any CPU.Build.0 = Release|Any CPU
		{362FB32B-029D-4153-A589-4AFD07343FF8}.Release|x86.ActiveCfg = Release|Any CPU
		{362FB32B-029D-4153-A589-4AFD07343FF8}.Release|x86.Build.0 = Release|Any CPU
		{57AAB6D1-1751-4B70-86B5-EB968AE25D29}.Debug|Any CPU.ActiveCfg = Debug|Any CPU
		{57AAB6D1-1751-4B70-86B5-EB968AE25D29}.Debug|Any CPU.Build.0 = Debug|Any CPU
		{57AAB6D1-1751-4B70-86B5-EB968AE25D29}.Debug|x86.ActiveCfg = Debug|Any CPU
		{57AAB6D1-1751-4B70-86B5-EB968AE25D29}.Debug|x86.Build.0 = Debug|Any CPU
		{57AAB6D1-1751-4B70-86B5-EB968AE25D29}.Release|Any CPU.ActiveCfg = Release|Any CPU
		{57AAB6D1-1751-4B70-86B5-EB968AE25D29}.Release|Any CPU.Build.0 = Release|Any CPU
		{57AAB6D1-1751-4B70-86B5-EB968AE25D29}.Release|x86.ActiveCfg = Release|Any CPU
		{57AAB6D1-1751-4B70-86B5-EB968AE25D29}.Release|x86.Build.0 = Release|Any CPU
		{52810657-47B9-418D-8D61-CA93ADB77E68}.Debug|Any CPU.ActiveCfg = Debug|Any CPU
		{52810657-47B9-418D-8D61-CA93ADB77E68}.Debug|Any CPU.Build.0 = Debug|Any CPU
		{52810657-47B9-418D-8D61-CA93ADB77E68}.Debug|x86.ActiveCfg = Debug|Any CPU
		{52810657-47B9-418D-8D61-CA93ADB77E68}.Debug|x86.Build.0 = Debug|Any CPU
		{52810657-47B9-418D-8D61-CA93ADB77E68}.Release|Any CPU.ActiveCfg = Release|Any CPU
		{52810657-47B9-418D-8D61-CA93ADB77E68}.Release|Any CPU.Build.0 = Release|Any CPU
		{52810657-47B9-418D-8D61-CA93ADB77E68}.Release|x86.ActiveCfg = Release|Any CPU
		{52810657-47B9-418D-8D61-CA93ADB77E68}.Release|x86.Build.0 = Release|Any CPU
		{71C33E38-CDBA-4872-8A58-F63B481D4B72}.Debug|Any CPU.ActiveCfg = Debug|Any CPU
		{71C33E38-CDBA-4872-8A58-F63B481D4B72}.Debug|Any CPU.Build.0 = Debug|Any CPU
		{71C33E38-CDBA-4872-8A58-F63B481D4B72}.Debug|x86.ActiveCfg = Debug|Any CPU
		{71C33E38-CDBA-4872-8A58-F63B481D4B72}.Debug|x86.Build.0 = Debug|Any CPU
		{71C33E38-CDBA-4872-8A58-F63B481D4B72}.Release|Any CPU.ActiveCfg = Release|Any CPU
		{71C33E38-CDBA-4872-8A58-F63B481D4B72}.Release|Any CPU.Build.0 = Release|Any CPU
		{71C33E38-CDBA-4872-8A58-F63B481D4B72}.Release|x86.ActiveCfg = Release|Any CPU
		{71C33E38-CDBA-4872-8A58-F63B481D4B72}.Release|x86.Build.0 = Release|Any CPU
		{09457BDE-35E6-4B6A-813E-4587E5CBC56C}.Debug|Any CPU.ActiveCfg = Debug|Any CPU
		{09457BDE-35E6-4B6A-813E-4587E5CBC56C}.Debug|Any CPU.Build.0 = Debug|Any CPU
		{09457BDE-35E6-4B6A-813E-4587E5CBC56C}.Debug|x86.ActiveCfg = Debug|Any CPU
		{09457BDE-35E6-4B6A-813E-4587E5CBC56C}.Debug|x86.Build.0 = Debug|Any CPU
		{09457BDE-35E6-4B6A-813E-4587E5CBC56C}.Release|Any CPU.ActiveCfg = Release|Any CPU
		{09457BDE-35E6-4B6A-813E-4587E5CBC56C}.Release|Any CPU.Build.0 = Release|Any CPU
		{09457BDE-35E6-4B6A-813E-4587E5CBC56C}.Release|x86.ActiveCfg = Release|Any CPU
		{09457BDE-35E6-4B6A-813E-4587E5CBC56C}.Release|x86.Build.0 = Release|Any CPU
		{175DB5AC-DF0C-47F6-BAB4-92E5D25182F7}.Debug|Any CPU.ActiveCfg = Debug|Any CPU
		{175DB5AC-DF0C-47F6-BAB4-92E5D25182F7}.Debug|Any CPU.Build.0 = Debug|Any CPU
		{175DB5AC-DF0C-47F6-BAB4-92E5D25182F7}.Debug|x86.ActiveCfg = Debug|Any CPU
		{175DB5AC-DF0C-47F6-BAB4-92E5D25182F7}.Debug|x86.Build.0 = Debug|Any CPU
		{175DB5AC-DF0C-47F6-BAB4-92E5D25182F7}.Release|Any CPU.ActiveCfg = Release|Any CPU
		{175DB5AC-DF0C-47F6-BAB4-92E5D25182F7}.Release|Any CPU.Build.0 = Release|Any CPU
		{175DB5AC-DF0C-47F6-BAB4-92E5D25182F7}.Release|x86.ActiveCfg = Release|Any CPU
		{175DB5AC-DF0C-47F6-BAB4-92E5D25182F7}.Release|x86.Build.0 = Release|Any CPU
		{08F174BE-95D1-4884-9E2A-4291D25583ED}.Debug|Any CPU.ActiveCfg = Debug|Any CPU
		{08F174BE-95D1-4884-9E2A-4291D25583ED}.Debug|Any CPU.Build.0 = Debug|Any CPU
		{08F174BE-95D1-4884-9E2A-4291D25583ED}.Debug|x86.ActiveCfg = Debug|Any CPU
		{08F174BE-95D1-4884-9E2A-4291D25583ED}.Debug|x86.Build.0 = Debug|Any CPU
		{08F174BE-95D1-4884-9E2A-4291D25583ED}.Release|Any CPU.ActiveCfg = Release|Any CPU
		{08F174BE-95D1-4884-9E2A-4291D25583ED}.Release|Any CPU.Build.0 = Release|Any CPU
		{08F174BE-95D1-4884-9E2A-4291D25583ED}.Release|x86.ActiveCfg = Release|Any CPU
		{08F174BE-95D1-4884-9E2A-4291D25583ED}.Release|x86.Build.0 = Release|Any CPU
		{8ECB1CA6-6AD6-46A3-84D8-BA96514EE5A7}.Debug|Any CPU.ActiveCfg = Debug|Any CPU
		{8ECB1CA6-6AD6-46A3-84D8-BA96514EE5A7}.Debug|Any CPU.Build.0 = Debug|Any CPU
		{8ECB1CA6-6AD6-46A3-84D8-BA96514EE5A7}.Debug|x86.ActiveCfg = Debug|Any CPU
		{8ECB1CA6-6AD6-46A3-84D8-BA96514EE5A7}.Debug|x86.Build.0 = Debug|Any CPU
		{8ECB1CA6-6AD6-46A3-84D8-BA96514EE5A7}.Release|Any CPU.ActiveCfg = Release|Any CPU
		{8ECB1CA6-6AD6-46A3-84D8-BA96514EE5A7}.Release|Any CPU.Build.0 = Release|Any CPU
		{8ECB1CA6-6AD6-46A3-84D8-BA96514EE5A7}.Release|x86.ActiveCfg = Release|Any CPU
		{8ECB1CA6-6AD6-46A3-84D8-BA96514EE5A7}.Release|x86.Build.0 = Release|Any CPU
		{C17F8F3B-393C-4D06-A2B5-D6A5A1935086}.Debug|Any CPU.ActiveCfg = Debug|Any CPU
		{C17F8F3B-393C-4D06-A2B5-D6A5A1935086}.Debug|Any CPU.Build.0 = Debug|Any CPU
		{C17F8F3B-393C-4D06-A2B5-D6A5A1935086}.Debug|x86.ActiveCfg = Debug|Any CPU
		{C17F8F3B-393C-4D06-A2B5-D6A5A1935086}.Debug|x86.Build.0 = Debug|Any CPU
		{C17F8F3B-393C-4D06-A2B5-D6A5A1935086}.Release|Any CPU.ActiveCfg = Release|Any CPU
		{C17F8F3B-393C-4D06-A2B5-D6A5A1935086}.Release|Any CPU.Build.0 = Release|Any CPU
		{C17F8F3B-393C-4D06-A2B5-D6A5A1935086}.Release|x86.ActiveCfg = Release|Any CPU
		{C17F8F3B-393C-4D06-A2B5-D6A5A1935086}.Release|x86.Build.0 = Release|Any CPU
		{637599AF-F939-403F-8E27-4CB354B5F3C6}.Debug|Any CPU.ActiveCfg = Debug|Any CPU
		{637599AF-F939-403F-8E27-4CB354B5F3C6}.Debug|Any CPU.Build.0 = Debug|Any CPU
		{637599AF-F939-403F-8E27-4CB354B5F3C6}.Debug|x86.ActiveCfg = Debug|Any CPU
		{637599AF-F939-403F-8E27-4CB354B5F3C6}.Debug|x86.Build.0 = Debug|Any CPU
		{637599AF-F939-403F-8E27-4CB354B5F3C6}.Release|Any CPU.ActiveCfg = Release|Any CPU
		{637599AF-F939-403F-8E27-4CB354B5F3C6}.Release|Any CPU.Build.0 = Release|Any CPU
		{637599AF-F939-403F-8E27-4CB354B5F3C6}.Release|x86.ActiveCfg = Release|Any CPU
		{637599AF-F939-403F-8E27-4CB354B5F3C6}.Release|x86.Build.0 = Release|Any CPU
		{33DD70D1-D99B-491A-9F39-03EF5527A963}.Debug|Any CPU.ActiveCfg = Debug|Any CPU
		{33DD70D1-D99B-491A-9F39-03EF5527A963}.Debug|Any CPU.Build.0 = Debug|Any CPU
		{33DD70D1-D99B-491A-9F39-03EF5527A963}.Debug|x86.ActiveCfg = Debug|Any CPU
		{33DD70D1-D99B-491A-9F39-03EF5527A963}.Debug|x86.Build.0 = Debug|Any CPU
		{33DD70D1-D99B-491A-9F39-03EF5527A963}.Release|Any CPU.ActiveCfg = Release|Any CPU
		{33DD70D1-D99B-491A-9F39-03EF5527A963}.Release|Any CPU.Build.0 = Release|Any CPU
		{33DD70D1-D99B-491A-9F39-03EF5527A963}.Release|x86.ActiveCfg = Release|Any CPU
		{33DD70D1-D99B-491A-9F39-03EF5527A963}.Release|x86.Build.0 = Release|Any CPU
		{733178D5-7AFB-4E1F-B9F0-CF02A84D8588}.Debug|Any CPU.ActiveCfg = Debug|Any CPU
		{733178D5-7AFB-4E1F-B9F0-CF02A84D8588}.Debug|Any CPU.Build.0 = Debug|Any CPU
		{733178D5-7AFB-4E1F-B9F0-CF02A84D8588}.Debug|x86.ActiveCfg = Debug|Any CPU
		{733178D5-7AFB-4E1F-B9F0-CF02A84D8588}.Debug|x86.Build.0 = Debug|Any CPU
		{733178D5-7AFB-4E1F-B9F0-CF02A84D8588}.Release|Any CPU.ActiveCfg = Release|Any CPU
		{733178D5-7AFB-4E1F-B9F0-CF02A84D8588}.Release|Any CPU.Build.0 = Release|Any CPU
		{733178D5-7AFB-4E1F-B9F0-CF02A84D8588}.Release|x86.ActiveCfg = Release|Any CPU
		{733178D5-7AFB-4E1F-B9F0-CF02A84D8588}.Release|x86.Build.0 = Release|Any CPU
		{9D5F68CF-5031-4033-86FD-94561CC002BC}.Debug|Any CPU.ActiveCfg = Debug|Any CPU
		{9D5F68CF-5031-4033-86FD-94561CC002BC}.Debug|Any CPU.Build.0 = Debug|Any CPU
		{9D5F68CF-5031-4033-86FD-94561CC002BC}.Debug|x86.ActiveCfg = Debug|Any CPU
		{9D5F68CF-5031-4033-86FD-94561CC002BC}.Debug|x86.Build.0 = Debug|Any CPU
		{9D5F68CF-5031-4033-86FD-94561CC002BC}.Release|Any CPU.ActiveCfg = Release|Any CPU
		{9D5F68CF-5031-4033-86FD-94561CC002BC}.Release|Any CPU.Build.0 = Release|Any CPU
		{9D5F68CF-5031-4033-86FD-94561CC002BC}.Release|x86.ActiveCfg = Release|Any CPU
		{9D5F68CF-5031-4033-86FD-94561CC002BC}.Release|x86.Build.0 = Release|Any CPU
		{7B2C4C37-6F70-4CD3-9CA9-E72D19807E2C}.Debug|Any CPU.ActiveCfg = Debug|Any CPU
		{7B2C4C37-6F70-4CD3-9CA9-E72D19807E2C}.Debug|Any CPU.Build.0 = Debug|Any CPU
		{7B2C4C37-6F70-4CD3-9CA9-E72D19807E2C}.Debug|x86.ActiveCfg = Debug|Any CPU
		{7B2C4C37-6F70-4CD3-9CA9-E72D19807E2C}.Debug|x86.Build.0 = Debug|Any CPU
		{7B2C4C37-6F70-4CD3-9CA9-E72D19807E2C}.Release|Any CPU.ActiveCfg = Release|Any CPU
		{7B2C4C37-6F70-4CD3-9CA9-E72D19807E2C}.Release|Any CPU.Build.0 = Release|Any CPU
		{7B2C4C37-6F70-4CD3-9CA9-E72D19807E2C}.Release|x86.ActiveCfg = Release|Any CPU
		{7B2C4C37-6F70-4CD3-9CA9-E72D19807E2C}.Release|x86.Build.0 = Release|Any CPU
		{F32F5F3F-1FB1-41D9-AD6F-218A358B89AB}.Debug|Any CPU.ActiveCfg = Debug|Any CPU
		{F32F5F3F-1FB1-41D9-AD6F-218A358B89AB}.Debug|Any CPU.Build.0 = Debug|Any CPU
		{F32F5F3F-1FB1-41D9-AD6F-218A358B89AB}.Debug|x86.ActiveCfg = Debug|Any CPU
		{F32F5F3F-1FB1-41D9-AD6F-218A358B89AB}.Debug|x86.Build.0 = Debug|Any CPU
		{F32F5F3F-1FB1-41D9-AD6F-218A358B89AB}.Release|Any CPU.ActiveCfg = Release|Any CPU
		{F32F5F3F-1FB1-41D9-AD6F-218A358B89AB}.Release|Any CPU.Build.0 = Release|Any CPU
		{F32F5F3F-1FB1-41D9-AD6F-218A358B89AB}.Release|x86.ActiveCfg = Release|Any CPU
		{F32F5F3F-1FB1-41D9-AD6F-218A358B89AB}.Release|x86.Build.0 = Release|Any CPU
		{6948B452-4C6A-4008-845E-000D63ED6C3B}.Debug|Any CPU.ActiveCfg = Debug|Any CPU
		{6948B452-4C6A-4008-845E-000D63ED6C3B}.Debug|Any CPU.Build.0 = Debug|Any CPU
		{6948B452-4C6A-4008-845E-000D63ED6C3B}.Debug|x86.ActiveCfg = Debug|Any CPU
		{6948B452-4C6A-4008-845E-000D63ED6C3B}.Debug|x86.Build.0 = Debug|Any CPU
		{6948B452-4C6A-4008-845E-000D63ED6C3B}.Release|Any CPU.ActiveCfg = Release|Any CPU
		{6948B452-4C6A-4008-845E-000D63ED6C3B}.Release|Any CPU.Build.0 = Release|Any CPU
		{6948B452-4C6A-4008-845E-000D63ED6C3B}.Release|x86.ActiveCfg = Release|Any CPU
		{6948B452-4C6A-4008-845E-000D63ED6C3B}.Release|x86.Build.0 = Release|Any CPU
		{2D788858-D70D-453E-A3A6-823397BE055B}.Debug|Any CPU.ActiveCfg = Debug|Any CPU
		{2D788858-D70D-453E-A3A6-823397BE055B}.Debug|Any CPU.Build.0 = Debug|Any CPU
		{2D788858-D70D-453E-A3A6-823397BE055B}.Debug|x86.ActiveCfg = Debug|Any CPU
		{2D788858-D70D-453E-A3A6-823397BE055B}.Debug|x86.Build.0 = Debug|Any CPU
		{2D788858-D70D-453E-A3A6-823397BE055B}.Release|Any CPU.ActiveCfg = Release|Any CPU
		{2D788858-D70D-453E-A3A6-823397BE055B}.Release|Any CPU.Build.0 = Release|Any CPU
		{2D788858-D70D-453E-A3A6-823397BE055B}.Release|x86.ActiveCfg = Release|Any CPU
		{2D788858-D70D-453E-A3A6-823397BE055B}.Release|x86.Build.0 = Release|Any CPU
		{3235EFEF-0BE9-4A83-8A0F-3B6BB6E4A153}.Debug|Any CPU.ActiveCfg = Debug|Any CPU
		{3235EFEF-0BE9-4A83-8A0F-3B6BB6E4A153}.Debug|Any CPU.Build.0 = Debug|Any CPU
		{3235EFEF-0BE9-4A83-8A0F-3B6BB6E4A153}.Debug|x86.ActiveCfg = Debug|Any CPU
		{3235EFEF-0BE9-4A83-8A0F-3B6BB6E4A153}.Debug|x86.Build.0 = Debug|Any CPU
		{3235EFEF-0BE9-4A83-8A0F-3B6BB6E4A153}.Release|Any CPU.ActiveCfg = Release|Any CPU
		{3235EFEF-0BE9-4A83-8A0F-3B6BB6E4A153}.Release|Any CPU.Build.0 = Release|Any CPU
		{3235EFEF-0BE9-4A83-8A0F-3B6BB6E4A153}.Release|x86.ActiveCfg = Release|Any CPU
		{3235EFEF-0BE9-4A83-8A0F-3B6BB6E4A153}.Release|x86.Build.0 = Release|Any CPU
		{0F5D4800-3F76-4DA1-8BBC-0F59D6E0C7B7}.Debug|Any CPU.ActiveCfg = Debug|Any CPU
		{0F5D4800-3F76-4DA1-8BBC-0F59D6E0C7B7}.Debug|Any CPU.Build.0 = Debug|Any CPU
		{0F5D4800-3F76-4DA1-8BBC-0F59D6E0C7B7}.Debug|x86.ActiveCfg = Debug|Any CPU
		{0F5D4800-3F76-4DA1-8BBC-0F59D6E0C7B7}.Debug|x86.Build.0 = Debug|Any CPU
		{0F5D4800-3F76-4DA1-8BBC-0F59D6E0C7B7}.Release|Any CPU.ActiveCfg = Release|Any CPU
		{0F5D4800-3F76-4DA1-8BBC-0F59D6E0C7B7}.Release|Any CPU.Build.0 = Release|Any CPU
		{0F5D4800-3F76-4DA1-8BBC-0F59D6E0C7B7}.Release|x86.ActiveCfg = Release|Any CPU
		{0F5D4800-3F76-4DA1-8BBC-0F59D6E0C7B7}.Release|x86.Build.0 = Release|Any CPU
		{D0206D18-E538-492F-920C-EB460CB9039A}.Debug|Any CPU.ActiveCfg = Debug|Any CPU
		{D0206D18-E538-492F-920C-EB460CB9039A}.Debug|Any CPU.Build.0 = Debug|Any CPU
		{D0206D18-E538-492F-920C-EB460CB9039A}.Debug|x86.ActiveCfg = Debug|Any CPU
		{D0206D18-E538-492F-920C-EB460CB9039A}.Debug|x86.Build.0 = Debug|Any CPU
		{D0206D18-E538-492F-920C-EB460CB9039A}.Release|Any CPU.ActiveCfg = Release|Any CPU
		{D0206D18-E538-492F-920C-EB460CB9039A}.Release|Any CPU.Build.0 = Release|Any CPU
		{D0206D18-E538-492F-920C-EB460CB9039A}.Release|x86.ActiveCfg = Release|Any CPU
		{D0206D18-E538-492F-920C-EB460CB9039A}.Release|x86.Build.0 = Release|Any CPU
		{8B1D0310-B5E3-4950-9C90-E9012C71B3C3}.Debug|Any CPU.ActiveCfg = Debug|Any CPU
		{8B1D0310-B5E3-4950-9C90-E9012C71B3C3}.Debug|Any CPU.Build.0 = Debug|Any CPU
		{8B1D0310-B5E3-4950-9C90-E9012C71B3C3}.Debug|x86.ActiveCfg = Debug|Any CPU
		{8B1D0310-B5E3-4950-9C90-E9012C71B3C3}.Debug|x86.Build.0 = Debug|Any CPU
		{8B1D0310-B5E3-4950-9C90-E9012C71B3C3}.Release|Any CPU.ActiveCfg = Release|Any CPU
		{8B1D0310-B5E3-4950-9C90-E9012C71B3C3}.Release|Any CPU.Build.0 = Release|Any CPU
		{8B1D0310-B5E3-4950-9C90-E9012C71B3C3}.Release|x86.ActiveCfg = Release|Any CPU
		{8B1D0310-B5E3-4950-9C90-E9012C71B3C3}.Release|x86.Build.0 = Release|Any CPU
		{23487D5F-A63D-40F7-8DA8-4801DBD4DB32}.Debug|Any CPU.ActiveCfg = Debug|Any CPU
		{23487D5F-A63D-40F7-8DA8-4801DBD4DB32}.Debug|Any CPU.Build.0 = Debug|Any CPU
		{23487D5F-A63D-40F7-8DA8-4801DBD4DB32}.Debug|x86.ActiveCfg = Debug|Any CPU
		{23487D5F-A63D-40F7-8DA8-4801DBD4DB32}.Debug|x86.Build.0 = Debug|Any CPU
		{23487D5F-A63D-40F7-8DA8-4801DBD4DB32}.Release|Any CPU.ActiveCfg = Release|Any CPU
		{23487D5F-A63D-40F7-8DA8-4801DBD4DB32}.Release|Any CPU.Build.0 = Release|Any CPU
		{23487D5F-A63D-40F7-8DA8-4801DBD4DB32}.Release|x86.ActiveCfg = Release|Any CPU
		{23487D5F-A63D-40F7-8DA8-4801DBD4DB32}.Release|x86.Build.0 = Release|Any CPU
		{BE37C687-316A-47A1-A586-B6769BFD8F4F}.Debug|Any CPU.ActiveCfg = Debug|Any CPU
		{BE37C687-316A-47A1-A586-B6769BFD8F4F}.Debug|Any CPU.Build.0 = Debug|Any CPU
		{BE37C687-316A-47A1-A586-B6769BFD8F4F}.Debug|x86.ActiveCfg = Debug|Any CPU
		{BE37C687-316A-47A1-A586-B6769BFD8F4F}.Debug|x86.Build.0 = Debug|Any CPU
		{BE37C687-316A-47A1-A586-B6769BFD8F4F}.Release|Any CPU.ActiveCfg = Release|Any CPU
		{BE37C687-316A-47A1-A586-B6769BFD8F4F}.Release|Any CPU.Build.0 = Release|Any CPU
		{BE37C687-316A-47A1-A586-B6769BFD8F4F}.Release|x86.ActiveCfg = Release|Any CPU
		{BE37C687-316A-47A1-A586-B6769BFD8F4F}.Release|x86.Build.0 = Release|Any CPU
		{38EBAF8D-2AF7-4041-9B48-90FB42C227A3}.Debug|Any CPU.ActiveCfg = Debug|Any CPU
		{38EBAF8D-2AF7-4041-9B48-90FB42C227A3}.Debug|Any CPU.Build.0 = Debug|Any CPU
		{38EBAF8D-2AF7-4041-9B48-90FB42C227A3}.Debug|x86.ActiveCfg = Debug|Any CPU
		{38EBAF8D-2AF7-4041-9B48-90FB42C227A3}.Debug|x86.Build.0 = Debug|Any CPU
		{38EBAF8D-2AF7-4041-9B48-90FB42C227A3}.Release|Any CPU.ActiveCfg = Release|Any CPU
		{38EBAF8D-2AF7-4041-9B48-90FB42C227A3}.Release|Any CPU.Build.0 = Release|Any CPU
		{38EBAF8D-2AF7-4041-9B48-90FB42C227A3}.Release|x86.ActiveCfg = Release|Any CPU
		{38EBAF8D-2AF7-4041-9B48-90FB42C227A3}.Release|x86.Build.0 = Release|Any CPU
		{FDB7DD4A-4F5B-404F-B318-1D2A5062376B}.Debug|Any CPU.ActiveCfg = Debug|Any CPU
		{FDB7DD4A-4F5B-404F-B318-1D2A5062376B}.Debug|Any CPU.Build.0 = Debug|Any CPU
		{FDB7DD4A-4F5B-404F-B318-1D2A5062376B}.Debug|x86.ActiveCfg = Debug|Any CPU
		{FDB7DD4A-4F5B-404F-B318-1D2A5062376B}.Debug|x86.Build.0 = Debug|Any CPU
		{FDB7DD4A-4F5B-404F-B318-1D2A5062376B}.Release|Any CPU.ActiveCfg = Release|Any CPU
		{FDB7DD4A-4F5B-404F-B318-1D2A5062376B}.Release|Any CPU.Build.0 = Release|Any CPU
		{FDB7DD4A-4F5B-404F-B318-1D2A5062376B}.Release|x86.ActiveCfg = Release|Any CPU
		{FDB7DD4A-4F5B-404F-B318-1D2A5062376B}.Release|x86.Build.0 = Release|Any CPU
		{C61580A7-12C0-4445-BF12-82A0B0A3E017}.Debug|Any CPU.ActiveCfg = Debug|Any CPU
		{C61580A7-12C0-4445-BF12-82A0B0A3E017}.Debug|Any CPU.Build.0 = Debug|Any CPU
		{C61580A7-12C0-4445-BF12-82A0B0A3E017}.Debug|x86.ActiveCfg = Debug|Any CPU
		{C61580A7-12C0-4445-BF12-82A0B0A3E017}.Debug|x86.Build.0 = Debug|Any CPU
		{C61580A7-12C0-4445-BF12-82A0B0A3E017}.Release|Any CPU.ActiveCfg = Release|Any CPU
		{C61580A7-12C0-4445-BF12-82A0B0A3E017}.Release|Any CPU.Build.0 = Release|Any CPU
		{C61580A7-12C0-4445-BF12-82A0B0A3E017}.Release|x86.ActiveCfg = Release|Any CPU
		{C61580A7-12C0-4445-BF12-82A0B0A3E017}.Release|x86.Build.0 = Release|Any CPU
		{ECC8CACD-2D7E-4330-A9F5-710E3D4190D6}.Debug|Any CPU.ActiveCfg = Debug|Any CPU
		{ECC8CACD-2D7E-4330-A9F5-710E3D4190D6}.Debug|Any CPU.Build.0 = Debug|Any CPU
		{ECC8CACD-2D7E-4330-A9F5-710E3D4190D6}.Debug|x86.ActiveCfg = Debug|Any CPU
		{ECC8CACD-2D7E-4330-A9F5-710E3D4190D6}.Debug|x86.Build.0 = Debug|Any CPU
		{ECC8CACD-2D7E-4330-A9F5-710E3D4190D6}.Release|Any CPU.ActiveCfg = Release|Any CPU
		{ECC8CACD-2D7E-4330-A9F5-710E3D4190D6}.Release|Any CPU.Build.0 = Release|Any CPU
		{ECC8CACD-2D7E-4330-A9F5-710E3D4190D6}.Release|x86.ActiveCfg = Release|Any CPU
		{ECC8CACD-2D7E-4330-A9F5-710E3D4190D6}.Release|x86.Build.0 = Release|Any CPU
		{0775B1F9-6483-45F1-8538-E9CE387E5F6A}.Debug|Any CPU.ActiveCfg = Debug|Any CPU
		{0775B1F9-6483-45F1-8538-E9CE387E5F6A}.Debug|Any CPU.Build.0 = Debug|Any CPU
		{0775B1F9-6483-45F1-8538-E9CE387E5F6A}.Debug|x86.ActiveCfg = Debug|Any CPU
		{0775B1F9-6483-45F1-8538-E9CE387E5F6A}.Debug|x86.Build.0 = Debug|Any CPU
		{0775B1F9-6483-45F1-8538-E9CE387E5F6A}.Release|Any CPU.ActiveCfg = Release|Any CPU
		{0775B1F9-6483-45F1-8538-E9CE387E5F6A}.Release|Any CPU.Build.0 = Release|Any CPU
		{0775B1F9-6483-45F1-8538-E9CE387E5F6A}.Release|x86.ActiveCfg = Release|Any CPU
		{0775B1F9-6483-45F1-8538-E9CE387E5F6A}.Release|x86.Build.0 = Release|Any CPU
		{2412D414-3CA4-428D-8AD2-D79F6CE19114}.Debug|Any CPU.ActiveCfg = Debug|Any CPU
		{2412D414-3CA4-428D-8AD2-D79F6CE19114}.Debug|Any CPU.Build.0 = Debug|Any CPU
		{2412D414-3CA4-428D-8AD2-D79F6CE19114}.Debug|x86.ActiveCfg = Debug|Any CPU
		{2412D414-3CA4-428D-8AD2-D79F6CE19114}.Debug|x86.Build.0 = Debug|Any CPU
		{2412D414-3CA4-428D-8AD2-D79F6CE19114}.Release|Any CPU.ActiveCfg = Release|Any CPU
		{2412D414-3CA4-428D-8AD2-D79F6CE19114}.Release|Any CPU.Build.0 = Release|Any CPU
		{2412D414-3CA4-428D-8AD2-D79F6CE19114}.Release|x86.ActiveCfg = Release|Any CPU
		{2412D414-3CA4-428D-8AD2-D79F6CE19114}.Release|x86.Build.0 = Release|Any CPU
		{03EAEBFF-C4E5-4DBF-88A7-1186A3F990D6}.Debug|Any CPU.ActiveCfg = Debug|Any CPU
		{03EAEBFF-C4E5-4DBF-88A7-1186A3F990D6}.Debug|Any CPU.Build.0 = Debug|Any CPU
		{03EAEBFF-C4E5-4DBF-88A7-1186A3F990D6}.Debug|x86.ActiveCfg = Debug|Any CPU
		{03EAEBFF-C4E5-4DBF-88A7-1186A3F990D6}.Debug|x86.Build.0 = Debug|Any CPU
		{03EAEBFF-C4E5-4DBF-88A7-1186A3F990D6}.Release|Any CPU.ActiveCfg = Release|Any CPU
		{03EAEBFF-C4E5-4DBF-88A7-1186A3F990D6}.Release|Any CPU.Build.0 = Release|Any CPU
		{03EAEBFF-C4E5-4DBF-88A7-1186A3F990D6}.Release|x86.ActiveCfg = Release|Any CPU
		{03EAEBFF-C4E5-4DBF-88A7-1186A3F990D6}.Release|x86.Build.0 = Release|Any CPU
		{97551158-9E6A-4C1D-9A23-C4FECC456F1D}.Debug|Any CPU.ActiveCfg = Debug|Any CPU
		{97551158-9E6A-4C1D-9A23-C4FECC456F1D}.Debug|Any CPU.Build.0 = Debug|Any CPU
		{97551158-9E6A-4C1D-9A23-C4FECC456F1D}.Debug|x86.ActiveCfg = Debug|Any CPU
		{97551158-9E6A-4C1D-9A23-C4FECC456F1D}.Debug|x86.Build.0 = Debug|Any CPU
		{97551158-9E6A-4C1D-9A23-C4FECC456F1D}.Release|Any CPU.ActiveCfg = Release|Any CPU
		{97551158-9E6A-4C1D-9A23-C4FECC456F1D}.Release|Any CPU.Build.0 = Release|Any CPU
		{97551158-9E6A-4C1D-9A23-C4FECC456F1D}.Release|x86.ActiveCfg = Release|Any CPU
		{97551158-9E6A-4C1D-9A23-C4FECC456F1D}.Release|x86.Build.0 = Release|Any CPU
		{2E0A2264-967C-48EB-92EB-6CCDFB343920}.Debug|Any CPU.ActiveCfg = Debug|Any CPU
		{2E0A2264-967C-48EB-92EB-6CCDFB343920}.Debug|Any CPU.Build.0 = Debug|Any CPU
		{2E0A2264-967C-48EB-92EB-6CCDFB343920}.Debug|x86.ActiveCfg = Debug|Any CPU
		{2E0A2264-967C-48EB-92EB-6CCDFB343920}.Debug|x86.Build.0 = Debug|Any CPU
		{2E0A2264-967C-48EB-92EB-6CCDFB343920}.Release|Any CPU.ActiveCfg = Release|Any CPU
		{2E0A2264-967C-48EB-92EB-6CCDFB343920}.Release|Any CPU.Build.0 = Release|Any CPU
		{2E0A2264-967C-48EB-92EB-6CCDFB343920}.Release|x86.ActiveCfg = Release|Any CPU
		{2E0A2264-967C-48EB-92EB-6CCDFB343920}.Release|x86.Build.0 = Release|Any CPU
		{2F5D3DBF-A0DC-4285-A532-8F58C042691A}.Debug|Any CPU.ActiveCfg = Debug|Any CPU
		{2F5D3DBF-A0DC-4285-A532-8F58C042691A}.Debug|Any CPU.Build.0 = Debug|Any CPU
		{2F5D3DBF-A0DC-4285-A532-8F58C042691A}.Debug|x86.ActiveCfg = Debug|Any CPU
		{2F5D3DBF-A0DC-4285-A532-8F58C042691A}.Debug|x86.Build.0 = Debug|Any CPU
		{2F5D3DBF-A0DC-4285-A532-8F58C042691A}.Release|Any CPU.ActiveCfg = Release|Any CPU
		{2F5D3DBF-A0DC-4285-A532-8F58C042691A}.Release|Any CPU.Build.0 = Release|Any CPU
		{2F5D3DBF-A0DC-4285-A532-8F58C042691A}.Release|x86.ActiveCfg = Release|Any CPU
		{2F5D3DBF-A0DC-4285-A532-8F58C042691A}.Release|x86.Build.0 = Release|Any CPU
		{AE9EE712-9140-4858-B9C2-8CEFEBDBA5B8}.Debug|Any CPU.ActiveCfg = Debug|Any CPU
		{AE9EE712-9140-4858-B9C2-8CEFEBDBA5B8}.Debug|Any CPU.Build.0 = Debug|Any CPU
		{AE9EE712-9140-4858-B9C2-8CEFEBDBA5B8}.Debug|x86.ActiveCfg = Debug|Any CPU
		{AE9EE712-9140-4858-B9C2-8CEFEBDBA5B8}.Debug|x86.Build.0 = Debug|Any CPU
		{AE9EE712-9140-4858-B9C2-8CEFEBDBA5B8}.Release|Any CPU.ActiveCfg = Release|Any CPU
		{AE9EE712-9140-4858-B9C2-8CEFEBDBA5B8}.Release|Any CPU.Build.0 = Release|Any CPU
		{AE9EE712-9140-4858-B9C2-8CEFEBDBA5B8}.Release|x86.ActiveCfg = Release|Any CPU
		{AE9EE712-9140-4858-B9C2-8CEFEBDBA5B8}.Release|x86.Build.0 = Release|Any CPU
		{739D309B-CC51-419E-AA5C-82812C71DAF6}.Debug|Any CPU.ActiveCfg = Debug|Any CPU
		{739D309B-CC51-419E-AA5C-82812C71DAF6}.Debug|Any CPU.Build.0 = Debug|Any CPU
		{739D309B-CC51-419E-AA5C-82812C71DAF6}.Debug|x86.ActiveCfg = Debug|Any CPU
		{739D309B-CC51-419E-AA5C-82812C71DAF6}.Debug|x86.Build.0 = Debug|Any CPU
		{739D309B-CC51-419E-AA5C-82812C71DAF6}.Release|Any CPU.ActiveCfg = Release|Any CPU
		{739D309B-CC51-419E-AA5C-82812C71DAF6}.Release|Any CPU.Build.0 = Release|Any CPU
		{739D309B-CC51-419E-AA5C-82812C71DAF6}.Release|x86.ActiveCfg = Release|Any CPU
		{739D309B-CC51-419E-AA5C-82812C71DAF6}.Release|x86.Build.0 = Release|Any CPU
		{B63AACD1-5015-438A-A0A3-DE5DAC359513}.Debug|Any CPU.ActiveCfg = Debug|Any CPU
		{B63AACD1-5015-438A-A0A3-DE5DAC359513}.Debug|Any CPU.Build.0 = Debug|Any CPU
		{B63AACD1-5015-438A-A0A3-DE5DAC359513}.Debug|x86.ActiveCfg = Debug|Any CPU
		{B63AACD1-5015-438A-A0A3-DE5DAC359513}.Debug|x86.Build.0 = Debug|Any CPU
		{B63AACD1-5015-438A-A0A3-DE5DAC359513}.Release|Any CPU.ActiveCfg = Release|Any CPU
		{B63AACD1-5015-438A-A0A3-DE5DAC359513}.Release|Any CPU.Build.0 = Release|Any CPU
		{B63AACD1-5015-438A-A0A3-DE5DAC359513}.Release|x86.ActiveCfg = Release|Any CPU
		{B63AACD1-5015-438A-A0A3-DE5DAC359513}.Release|x86.Build.0 = Release|Any CPU
		{177991E4-CE16-4541-B88C-33A1D0B98ED3}.Debug|Any CPU.ActiveCfg = Debug|Any CPU
		{177991E4-CE16-4541-B88C-33A1D0B98ED3}.Debug|Any CPU.Build.0 = Debug|Any CPU
		{177991E4-CE16-4541-B88C-33A1D0B98ED3}.Debug|x86.ActiveCfg = Debug|Any CPU
		{177991E4-CE16-4541-B88C-33A1D0B98ED3}.Debug|x86.Build.0 = Debug|Any CPU
		{177991E4-CE16-4541-B88C-33A1D0B98ED3}.Release|Any CPU.ActiveCfg = Release|Any CPU
		{177991E4-CE16-4541-B88C-33A1D0B98ED3}.Release|Any CPU.Build.0 = Release|Any CPU
		{177991E4-CE16-4541-B88C-33A1D0B98ED3}.Release|x86.ActiveCfg = Release|Any CPU
		{177991E4-CE16-4541-B88C-33A1D0B98ED3}.Release|x86.Build.0 = Release|Any CPU
		{40CFF5FB-1854-4E32-B49D-7D05B8926FA3}.Debug|Any CPU.ActiveCfg = Debug|Any CPU
		{40CFF5FB-1854-4E32-B49D-7D05B8926FA3}.Debug|Any CPU.Build.0 = Debug|Any CPU
		{40CFF5FB-1854-4E32-B49D-7D05B8926FA3}.Debug|x86.ActiveCfg = Debug|Any CPU
		{40CFF5FB-1854-4E32-B49D-7D05B8926FA3}.Debug|x86.Build.0 = Debug|Any CPU
		{40CFF5FB-1854-4E32-B49D-7D05B8926FA3}.Release|Any CPU.ActiveCfg = Release|Any CPU
		{40CFF5FB-1854-4E32-B49D-7D05B8926FA3}.Release|Any CPU.Build.0 = Release|Any CPU
		{40CFF5FB-1854-4E32-B49D-7D05B8926FA3}.Release|x86.ActiveCfg = Release|Any CPU
		{40CFF5FB-1854-4E32-B49D-7D05B8926FA3}.Release|x86.Build.0 = Release|Any CPU
		{3C13AED1-BF99-48B5-A75F-C0F2889EA993}.Debug|Any CPU.ActiveCfg = Debug|Any CPU
		{3C13AED1-BF99-48B5-A75F-C0F2889EA993}.Debug|Any CPU.Build.0 = Debug|Any CPU
		{3C13AED1-BF99-48B5-A75F-C0F2889EA993}.Debug|x86.ActiveCfg = Debug|Any CPU
		{3C13AED1-BF99-48B5-A75F-C0F2889EA993}.Debug|x86.Build.0 = Debug|Any CPU
		{3C13AED1-BF99-48B5-A75F-C0F2889EA993}.Release|Any CPU.ActiveCfg = Release|Any CPU
		{3C13AED1-BF99-48B5-A75F-C0F2889EA993}.Release|Any CPU.Build.0 = Release|Any CPU
		{3C13AED1-BF99-48B5-A75F-C0F2889EA993}.Release|x86.ActiveCfg = Release|Any CPU
		{3C13AED1-BF99-48B5-A75F-C0F2889EA993}.Release|x86.Build.0 = Release|Any CPU
		{759AB615-7E11-40E5-9236-F8C9E127B5A4}.Debug|Any CPU.ActiveCfg = Debug|Any CPU
		{759AB615-7E11-40E5-9236-F8C9E127B5A4}.Debug|Any CPU.Build.0 = Debug|Any CPU
		{759AB615-7E11-40E5-9236-F8C9E127B5A4}.Debug|x86.ActiveCfg = Debug|Any CPU
		{759AB615-7E11-40E5-9236-F8C9E127B5A4}.Debug|x86.Build.0 = Debug|Any CPU
		{759AB615-7E11-40E5-9236-F8C9E127B5A4}.Release|Any CPU.ActiveCfg = Release|Any CPU
		{759AB615-7E11-40E5-9236-F8C9E127B5A4}.Release|Any CPU.Build.0 = Release|Any CPU
		{759AB615-7E11-40E5-9236-F8C9E127B5A4}.Release|x86.ActiveCfg = Release|Any CPU
		{759AB615-7E11-40E5-9236-F8C9E127B5A4}.Release|x86.Build.0 = Release|Any CPU
		{31FA154E-DDBD-456D-8DD8-FBC0FE2B8D07}.Debug|Any CPU.ActiveCfg = Debug|Any CPU
		{31FA154E-DDBD-456D-8DD8-FBC0FE2B8D07}.Debug|Any CPU.Build.0 = Debug|Any CPU
		{31FA154E-DDBD-456D-8DD8-FBC0FE2B8D07}.Debug|x86.ActiveCfg = Debug|Any CPU
		{31FA154E-DDBD-456D-8DD8-FBC0FE2B8D07}.Debug|x86.Build.0 = Debug|Any CPU
		{31FA154E-DDBD-456D-8DD8-FBC0FE2B8D07}.Release|Any CPU.ActiveCfg = Release|Any CPU
		{31FA154E-DDBD-456D-8DD8-FBC0FE2B8D07}.Release|Any CPU.Build.0 = Release|Any CPU
		{31FA154E-DDBD-456D-8DD8-FBC0FE2B8D07}.Release|x86.ActiveCfg = Release|Any CPU
		{31FA154E-DDBD-456D-8DD8-FBC0FE2B8D07}.Release|x86.Build.0 = Release|Any CPU
		{43801B33-4F26-439B-A39A-56523266EEC3}.Debug|Any CPU.ActiveCfg = Debug|Any CPU
		{43801B33-4F26-439B-A39A-56523266EEC3}.Debug|Any CPU.Build.0 = Debug|Any CPU
		{43801B33-4F26-439B-A39A-56523266EEC3}.Debug|x86.ActiveCfg = Debug|Any CPU
		{43801B33-4F26-439B-A39A-56523266EEC3}.Debug|x86.Build.0 = Debug|Any CPU
		{43801B33-4F26-439B-A39A-56523266EEC3}.Release|Any CPU.ActiveCfg = Release|Any CPU
		{43801B33-4F26-439B-A39A-56523266EEC3}.Release|Any CPU.Build.0 = Release|Any CPU
		{43801B33-4F26-439B-A39A-56523266EEC3}.Release|x86.ActiveCfg = Release|Any CPU
		{43801B33-4F26-439B-A39A-56523266EEC3}.Release|x86.Build.0 = Release|Any CPU
		{55035B81-2051-48DA-A80F-2EBAD3D3CDEF}.Debug|Any CPU.ActiveCfg = Debug|x86
		{55035B81-2051-48DA-A80F-2EBAD3D3CDEF}.Debug|Any CPU.Build.0 = Debug|x86
		{55035B81-2051-48DA-A80F-2EBAD3D3CDEF}.Debug|x86.ActiveCfg = Debug|x86
		{55035B81-2051-48DA-A80F-2EBAD3D3CDEF}.Debug|x86.Build.0 = Debug|x86
		{55035B81-2051-48DA-A80F-2EBAD3D3CDEF}.Release|Any CPU.ActiveCfg = Release|x86
		{55035B81-2051-48DA-A80F-2EBAD3D3CDEF}.Release|Any CPU.Build.0 = Release|x86
		{55035B81-2051-48DA-A80F-2EBAD3D3CDEF}.Release|x86.ActiveCfg = Release|x86
		{55035B81-2051-48DA-A80F-2EBAD3D3CDEF}.Release|x86.Build.0 = Release|x86
	EndGlobalSection
	GlobalSection(SolutionProperties) = preSolution
		HideSolutionNode = FALSE
	EndGlobalSection
	GlobalSection(NestedProjects) = preSolution
		{BF098419-F011-4BE5-9C74-8C4A6F869EBC} = {FE0BAF1B-2061-4E19-ADAC-D3B1CB5C0FE7}
		{61420585-55D1-4020-B41F-245E20799EEE} = {FE0BAF1B-2061-4E19-ADAC-D3B1CB5C0FE7}
		{7DF2E544-8542-4D1D-B76C-57C5A4CFBEF4} = {FE0BAF1B-2061-4E19-ADAC-D3B1CB5C0FE7}
		{82726351-A9C8-4FD2-AF7D-693561189819} = {DB3A31EA-CEF0-427C-A368-A619ECC6043A}
		{D86A2223-28F5-4BDA-9129-46920683E8B9} = {DB3A31EA-CEF0-427C-A368-A619ECC6043A}
		{6C5E6D3E-520C-448E-AF7A-A6B49DD04DBB} = {6BDFFB9E-A6D1-461D-8B8D-2FB6A746A27E}
		{8EE56DD5-6693-49CF-9462-8DED2F8F499E} = {6BDFFB9E-A6D1-461D-8B8D-2FB6A746A27E}
		{B9EDE902-5FF8-4B44-A559-513F282597E4} = {9C271013-4939-4CC7-829D-2B5B94342F8A}
		{067E4693-21A1-44C9-8BEF-9B1D16F0B93B} = {9C271013-4939-4CC7-829D-2B5B94342F8A}
		{426BE424-FF7C-47F6-BD97-C80E3392A7B3} = {55D755B7-36ED-40DD-B856-B280D2DA64C1}
		{4FE7E0FC-30B5-4929-B2DD-EADF912EB262} = {55D755B7-36ED-40DD-B856-B280D2DA64C1}
		{CA826C64-09E2-43CE-AAC7-D7DF56FA3238} = {5C54ABB0-464F-4C76-A406-7EE99729BC7C}
		{83E68B4E-7CFF-4883-AAAC-5D238D1036BC} = {5C54ABB0-464F-4C76-A406-7EE99729BC7C}
		{6644C962-D407-47A5-AAC4-7B37A3B3F84F} = {5C54ABB0-464F-4C76-A406-7EE99729BC7C}
		{362FB32B-029D-4153-A589-4AFD07343FF8} = {46A4046F-260E-40D5-91B6-5E249DAF8E72}
		{57AAB6D1-1751-4B70-86B5-EB968AE25D29} = {46A4046F-260E-40D5-91B6-5E249DAF8E72}
		{52810657-47B9-418D-8D61-CA93ADB77E68} = {E4BFC524-BE90-4F32-BB56-C37BF80389C0}
		{71C33E38-CDBA-4872-8A58-F63B481D4B72} = {E4BFC524-BE90-4F32-BB56-C37BF80389C0}
		{09457BDE-35E6-4B6A-813E-4587E5CBC56C} = {E4BFC524-BE90-4F32-BB56-C37BF80389C0}
		{175DB5AC-DF0C-47F6-BAB4-92E5D25182F7} = {2F030085-0AC4-40F6-B607-41777DE403A3}
		{08F174BE-95D1-4884-9E2A-4291D25583ED} = {2F030085-0AC4-40F6-B607-41777DE403A3}
		{8ECB1CA6-6AD6-46A3-84D8-BA96514EE5A7} = {C0DD54C3-6B7E-476B-9BA0-F97A63C32F05}
		{C17F8F3B-393C-4D06-A2B5-D6A5A1935086} = {C0DD54C3-6B7E-476B-9BA0-F97A63C32F05}
		{637599AF-F939-403F-8E27-4CB354B5F3C6} = {FCF387E6-3FD7-4B65-A806-5E46930FDD69}
		{33DD70D1-D99B-491A-9F39-03EF5527A963} = {FCF387E6-3FD7-4B65-A806-5E46930FDD69}
		{733178D5-7AFB-4E1F-B9F0-CF02A84D8588} = {FCF387E6-3FD7-4B65-A806-5E46930FDD69}
		{9D5F68CF-5031-4033-86FD-94561CC002BC} = {FCF387E6-3FD7-4B65-A806-5E46930FDD69}
		{7B2C4C37-6F70-4CD3-9CA9-E72D19807E2C} = {11E81C33-6387-4B58-9CDE-F2B238DA1D30}
		{F32F5F3F-1FB1-41D9-AD6F-218A358B89AB} = {11E81C33-6387-4B58-9CDE-F2B238DA1D30}
		{6948B452-4C6A-4008-845E-000D63ED6C3B} = {40BA6611-D520-42CC-90E3-CE2284A66176}
		{2D788858-D70D-453E-A3A6-823397BE055B} = {40BA6611-D520-42CC-90E3-CE2284A66176}
		{3235EFEF-0BE9-4A83-8A0F-3B6BB6E4A153} = {40BA6611-D520-42CC-90E3-CE2284A66176}
		{0F5D4800-3F76-4DA1-8BBC-0F59D6E0C7B7} = {040A00FB-4101-41C6-A240-20D40237BD3F}
		{D0206D18-E538-492F-920C-EB460CB9039A} = {040A00FB-4101-41C6-A240-20D40237BD3F}
		{8B1D0310-B5E3-4950-9C90-E9012C71B3C3} = {040A00FB-4101-41C6-A240-20D40237BD3F}
		{23487D5F-A63D-40F7-8DA8-4801DBD4DB32} = {7A02CC88-3104-4CD3-9F49-72112A92782D}
		{BE37C687-316A-47A1-A586-B6769BFD8F4F} = {7375D03E-C9C4-458F-B0A6-BA33CB341A23}
		{38EBAF8D-2AF7-4041-9B48-90FB42C227A3} = {7375D03E-C9C4-458F-B0A6-BA33CB341A23}
		{FDB7DD4A-4F5B-404F-B318-1D2A5062376B} = {7375D03E-C9C4-458F-B0A6-BA33CB341A23}
		{C61580A7-12C0-4445-BF12-82A0B0A3E017} = {A7202904-B63C-4B60-BE59-9317CE874E03}
		{ECC8CACD-2D7E-4330-A9F5-710E3D4190D6} = {A7202904-B63C-4B60-BE59-9317CE874E03}
		{0775B1F9-6483-45F1-8538-E9CE387E5F6A} = {A7202904-B63C-4B60-BE59-9317CE874E03}
		{2412D414-3CA4-428D-8AD2-D79F6CE19114} = {A7202904-B63C-4B60-BE59-9317CE874E03}
		{03EAEBFF-C4E5-4DBF-88A7-1186A3F990D6} = {8EA78BCC-8986-4A64-B128-E138F0BED229}
		{97551158-9E6A-4C1D-9A23-C4FECC456F1D} = {8EA78BCC-8986-4A64-B128-E138F0BED229}
		{2E0A2264-967C-48EB-92EB-6CCDFB343920} = {303BD47F-46DB-4F9D-9F30-17C01EDCE00E}
		{2F5D3DBF-A0DC-4285-A532-8F58C042691A} = {303BD47F-46DB-4F9D-9F30-17C01EDCE00E}
		{AE9EE712-9140-4858-B9C2-8CEFEBDBA5B8} = {303BD47F-46DB-4F9D-9F30-17C01EDCE00E}
		{739D309B-CC51-419E-AA5C-82812C71DAF6} = {1351DFC2-D42A-4FD5-A174-D3AD4C1F2A4D}
		{B63AACD1-5015-438A-A0A3-DE5DAC359513} = {9BB2EA03-E92B-4A8F-9D00-0CDAC0312617}
		{177991E4-CE16-4541-B88C-33A1D0B98ED3} = {710A8A06-544A-4040-B06D-93FB91BE4E79}
		{40CFF5FB-1854-4E32-B49D-7D05B8926FA3} = {19F4E7D2-79D3-4B5D-885D-AF777B52876A}
		{3C13AED1-BF99-48B5-A75F-C0F2889EA993} = {19F4E7D2-79D3-4B5D-885D-AF777B52876A}
		{759AB615-7E11-40E5-9236-F8C9E127B5A4} = {19F4E7D2-79D3-4B5D-885D-AF777B52876A}
		{31FA154E-DDBD-456D-8DD8-FBC0FE2B8D07} = {A03B1395-43E4-4504-805C-D0F7C3D587F5}
		{43801B33-4F26-439B-A39A-56523266EEC3} = {3CE5DF0B-0C99-44A1-A328-896B145F0043}
		{55035B81-2051-48DA-A80F-2EBAD3D3CDEF} = {3CE5DF0B-0C99-44A1-A328-896B145F0043}
	EndGlobalSection
	GlobalSection(ExtensibilityGlobals) = postSolution
		SolutionGuid = {AB01A021-EBC8-4652-B69F-84F0F7FAF1B2}
	EndGlobalSection
EndGlobal
