
Microsoft Visual Studio Solution File, Format Version 12.00
# Visual Studio Version 17
VisualStudioVersion = 17.1.32319.34
MinimumVisualStudioVersion = 10.0.40219.1
Project("{2150E333-8FDC-42A3-9474-1A3956D46DE8}") = "Lesson 7", "Lesson 7", "{FE0BAF1B-2061-4E19-ADAC-D3B1CB5C0FE7}"
EndProject
Project("{9A19103F-16F7-4668-BE54-9A1E7A4F7556}") = "Task 7(1)", "Practice 7\Task 7(1)\Task 7(1).csproj", "{BF098419-F011-4BE5-9C74-8C4A6F869EBC}"
EndProject
Project("{9A19103F-16F7-4668-BE54-9A1E7A4F7556}") = "Task 7(2)", "Practice 7\Task 7(2)\Task 7(2).csproj", "{61420585-55D1-4020-B41F-245E20799EEE}"
EndProject
Project("{9A19103F-16F7-4668-BE54-9A1E7A4F7556}") = "Task 7(3)", "Practice 7\Task 7(3)\Task 7(3).csproj", "{7DF2E544-8542-4D1D-B76C-57C5A4CFBEF4}"
EndProject
Project("{2150E333-8FDC-42A3-9474-1A3956D46DE8}") = "Lesson 8", "Lesson 8", "{DB3A31EA-CEF0-427C-A368-A619ECC6043A}"
EndProject
Project("{9A19103F-16F7-4668-BE54-9A1E7A4F7556}") = "Task 8(1)", "Practice 8\Task 8(1)\Task 8(1).csproj", "{82726351-A9C8-4FD2-AF7D-693561189819}"
EndProject
Project("{FAE04EC0-301F-11D3-BF4B-00C04F79EFBC}") = "Task 8(2)", "Task 8(2)\Task 8(2).csproj", "{D86A2223-28F5-4BDA-9129-46920683E8B9}"
EndProject
Project("{2150E333-8FDC-42A3-9474-1A3956D46DE8}") = "Lesson 9", "Lesson 9", "{6BDFFB9E-A6D1-461D-8B8D-2FB6A746A27E}"
EndProject
Project("{9A19103F-16F7-4668-BE54-9A1E7A4F7556}") = "Task 9(2)", "Practice 9\Task 9(2)\Task 9(2).csproj", "{6C5E6D3E-520C-448E-AF7A-A6B49DD04DBB}"
EndProject
Project("{9A19103F-16F7-4668-BE54-9A1E7A4F7556}") = "Task 9(1)", "Practice 9\Task 9(1)\Task 9(1).csproj", "{8EE56DD5-6693-49CF-9462-8DED2F8F499E}"
EndProject
Project("{2150E333-8FDC-42A3-9474-1A3956D46DE8}") = "Lesson 10", "Lesson 10", "{9C271013-4939-4CC7-829D-2B5B94342F8A}"
EndProject
Project("{9A19103F-16F7-4668-BE54-9A1E7A4F7556}") = "Task 10(1)", "Practice 10\Task 10(1)\Task 10(1).csproj", "{B9EDE902-5FF8-4B44-A559-513F282597E4}"
EndProject
Project("{9A19103F-16F7-4668-BE54-9A1E7A4F7556}") = "Task 10(2)", "Practice 10\Task 10(2)\Task 10(2).csproj", "{067E4693-21A1-44C9-8BEF-9B1D16F0B93B}"
EndProject
Project("{2150E333-8FDC-42A3-9474-1A3956D46DE8}") = "Lesson 11", "Lesson 11", "{55D755B7-36ED-40DD-B856-B280D2DA64C1}"
EndProject
Project("{9A19103F-16F7-4668-BE54-9A1E7A4F7556}") = "Task 11(1)", "Practice 11\Task 11(1)\Task 11(1).csproj", "{426BE424-FF7C-47F6-BD97-C80E3392A7B3}"
EndProject
Project("{9A19103F-16F7-4668-BE54-9A1E7A4F7556}") = "Task 11(2)", "Practice 11\Task 11(2)\Task 11(2).csproj", "{4FE7E0FC-30B5-4929-B2DD-EADF912EB262}"
EndProject
Project("{2150E333-8FDC-42A3-9474-1A3956D46DE8}") = "Lesson 12", "Lesson 12", "{5C54ABB0-464F-4C76-A406-7EE99729BC7C}"
EndProject
Project("{9A19103F-16F7-4668-BE54-9A1E7A4F7556}") = "Task 12(1)", "Practice 12\Task 12(1)\Task 12(1).csproj", "{CA826C64-09E2-43CE-AAC7-D7DF56FA3238}"
EndProject
Project("{9A19103F-16F7-4668-BE54-9A1E7A4F7556}") = "Task 12(2)", "Practice 12\Task 12(2)\Task 12(2).csproj", "{83E68B4E-7CFF-4883-AAAC-5D238D1036BC}"
EndProject
Project("{9A19103F-16F7-4668-BE54-9A1E7A4F7556}") = "Task 12(3)", "Practice 12\Task 12(3)\Task 12(3).csproj", "{6644C962-D407-47A5-AAC4-7B37A3B3F84F}"
EndProject
Project("{2150E333-8FDC-42A3-9474-1A3956D46DE8}") = "Lesson 13", "Lesson 13", "{46A4046F-260E-40D5-91B6-5E249DAF8E72}"
EndProject
Project("{9A19103F-16F7-4668-BE54-9A1E7A4F7556}") = "Task 13(2)", "Practice 13\Task 13(2)\Task 13(2).csproj", "{362FB32B-029D-4153-A589-4AFD07343FF8}"
EndProject
Project("{9A19103F-16F7-4668-BE54-9A1E7A4F7556}") = "Task 13(1)", "Practice 13\Task 13(1)\Task 13(1).csproj", "{57AAB6D1-1751-4B70-86B5-EB968AE25D29}"
EndProject
Project("{2150E333-8FDC-42A3-9474-1A3956D46DE8}") = "Lesson 14", "Lesson 14", "{E4BFC524-BE90-4F32-BB56-C37BF80389C0}"
EndProject
Project("{9A19103F-16F7-4668-BE54-9A1E7A4F7556}") = "Task 14(1)", "Practice 14\Task 14(1)\Task 14(1).csproj", "{52810657-47B9-418D-8D61-CA93ADB77E68}"
EndProject
Project("{9A19103F-16F7-4668-BE54-9A1E7A4F7556}") = "Task 14(2)", "Practice 14\Task 14(2)\Task 14(2).csproj", "{71C33E38-CDBA-4872-8A58-F63B481D4B72}"
EndProject
Project("{9A19103F-16F7-4668-BE54-9A1E7A4F7556}") = "Task 14(3)", "Practice 14\Task 14(3)\Task 14(3).csproj", "{09457BDE-35E6-4B6A-813E-4587E5CBC56C}"
EndProject
Project("{2150E333-8FDC-42A3-9474-1A3956D46DE8}") = "Lesson 15", "Lesson 15", "{2F030085-0AC4-40F6-B607-41777DE403A3}"
EndProject
Project("{9A19103F-16F7-4668-BE54-9A1E7A4F7556}") = "Task 15(1)", "Practice 15\Task 15(1)\Task 15(1).csproj", "{175DB5AC-DF0C-47F6-BAB4-92E5D25182F7}"
EndProject
Project("{9A19103F-16F7-4668-BE54-9A1E7A4F7556}") = "Task 15(2)", "Practice 15\Task 15(2)\Task 15(2).csproj", "{08F174BE-95D1-4884-9E2A-4291D25583ED}"
EndProject
Project("{2150E333-8FDC-42A3-9474-1A3956D46DE8}") = "Lesson 16", "Lesson 16", "{C0DD54C3-6B7E-476B-9BA0-F97A63C32F05}"
EndProject
Project("{9A19103F-16F7-4668-BE54-9A1E7A4F7556}") = "Task 16(1)", "Practice 16\Task 16(1)\Task 16(1).csproj", "{8ECB1CA6-6AD6-46A3-84D8-BA96514EE5A7}"
EndProject
Project("{9A19103F-16F7-4668-BE54-9A1E7A4F7556}") = "Task 16(2)", "Practice 16\Task 16(2)\Task 16(2).csproj", "{C17F8F3B-393C-4D06-A2B5-D6A5A1935086}"
EndProject
Project("{2150E333-8FDC-42A3-9474-1A3956D46DE8}") = "Lesson 17", "Lesson 17", "{FCF387E6-3FD7-4B65-A806-5E46930FDD69}"
EndProject
Project("{9A19103F-16F7-4668-BE54-9A1E7A4F7556}") = "Library17", "Practice 17\Library17\Library17.csproj", "{637599AF-F939-403F-8E27-4CB354B5F3C6}"
EndProject
Project("{9A19103F-16F7-4668-BE54-9A1E7A4F7556}") = "Task 17(1)", "Practice 17\Task 17(1)\Task 17(1).csproj", "{33DD70D1-D99B-491A-9F39-03EF5527A963}"
EndProject
Project("{9A19103F-16F7-4668-BE54-9A1E7A4F7556}") = "Library17_2", "Practice 17\Library17_2\Library17_2.csproj", "{733178D5-7AFB-4E1F-B9F0-CF02A84D8588}"
EndProject
Project("{9A19103F-16F7-4668-BE54-9A1E7A4F7556}") = "Task 17(2)", "Practice 17\Task 17(2)\Task 17(2).csproj", "{9D5F68CF-5031-4033-86FD-94561CC002BC}"
EndProject
Project("{2150E333-8FDC-42A3-9474-1A3956D46DE8}") = "Lesson 18", "Lesson 18", "{11E81C33-6387-4B58-9CDE-F2B238DA1D30}"
EndProject
Project("{9A19103F-16F7-4668-BE54-9A1E7A4F7556}") = "Task 18(1)", "Practice 18\Task 18(1)\Task 18(1).csproj", "{7B2C4C37-6F70-4CD3-9CA9-E72D19807E2C}"
EndProject
Project("{9A19103F-16F7-4668-BE54-9A1E7A4F7556}") = "Task 18(2)", "Practice 18\Task 18(2)\Task 18(2).csproj", "{F32F5F3F-1FB1-41D9-AD6F-218A358B89AB}"
EndProject
Project("{2150E333-8FDC-42A3-9474-1A3956D46DE8}") = "Lesson 19", "Lesson 19", "{40BA6611-D520-42CC-90E3-CE2284A66176}"
EndProject
Project("{9A19103F-16F7-4668-BE54-9A1E7A4F7556}") = "Task 19(1)", "Practice 19\Task 19(1)\Task 19(1).csproj", "{6948B452-4C6A-4008-845E-000D63ED6C3B}"
EndProject
Project("{9A19103F-16F7-4668-BE54-9A1E7A4F7556}") = "Task 19(2)", "Practice 19\Task 19(2)\Task 19(2).csproj", "{2D788858-D70D-453E-A3A6-823397BE055B}"
EndProject
Project("{9A19103F-16F7-4668-BE54-9A1E7A4F7556}") = "Task 19(3)", "Practice 19\Task 19(3)\Task 19(3).csproj", "{3235EFEF-0BE9-4A83-8A0F-3B6BB6E4A153}"
EndProject
Project("{2150E333-8FDC-42A3-9474-1A3956D46DE8}") = "Lesson 20", "Lesson 20", "{040A00FB-4101-41C6-A240-20D40237BD3F}"
EndProject
Project("{9A19103F-16F7-4668-BE54-9A1E7A4F7556}") = "Task 20(1)", "Practice 20\Task 20(1)\Task 20(1).csproj", "{0F5D4800-3F76-4DA1-8BBC-0F59D6E0C7B7}"
EndProject
Project("{9A19103F-16F7-4668-BE54-9A1E7A4F7556}") = "Task 20(2)", "Practice 20\Task 20(2)\Task 20(2).csproj", "{D0206D18-E538-492F-920C-EB460CB9039A}"
EndProject
Project("{9A19103F-16F7-4668-BE54-9A1E7A4F7556}") = "Task 20(3)", "Practice 20\Task 20(3)\Task 20(3).csproj", "{8B1D0310-B5E3-4950-9C90-E9012C71B3C3}"
EndProject
Project("{2150E333-8FDC-42A3-9474-1A3956D46DE8}") = "Lesson 21", "Lesson 21", "{7A02CC88-3104-4CD3-9F49-72112A92782D}"
EndProject
Project("{9A19103F-16F7-4668-BE54-9A1E7A4F7556}") = "Task 21(1)", "Practice 21\Task 21(1)\Task 21(1).csproj", "{23487D5F-A63D-40F7-8DA8-4801DBD4DB32}"
EndProject
Project("{2150E333-8FDC-42A3-9474-1A3956D46DE8}") = "Lesson 22", "Lesson 22", "{7375D03E-C9C4-458F-B0A6-BA33CB341A23}"
EndProject
Project("{FAE04EC0-301F-11D3-BF4B-00C04F79EFBC}") = "Form 22(1)", "Practice 22\Form 22(1)\Form 22(1).csproj", "{BE37C687-316A-47A1-A586-B6769BFD8F4F}"
EndProject
Project("{FAE04EC0-301F-11D3-BF4B-00C04F79EFBC}") = "Form 22(2)", "Practice 22\Form 22(2)\Form 22(2).csproj", "{38EBAF8D-2AF7-4041-9B48-90FB42C227A3}"
EndProject
Project("{FAE04EC0-301F-11D3-BF4B-00C04F79EFBC}") = "Form 22(3)", "Practice 22\Form 22(3)\Form 22(3).csproj", "{FDB7DD4A-4F5B-404F-B318-1D2A5062376B}"
EndProject
Global
	GlobalSection(SolutionConfigurationPlatforms) = preSolution
		Debug|Any CPU = Debug|Any CPU
		Release|Any CPU = Release|Any CPU
	EndGlobalSection
	GlobalSection(ProjectConfigurationPlatforms) = postSolution
		{BF098419-F011-4BE5-9C74-8C4A6F869EBC}.Debug|Any CPU.ActiveCfg = Debug|Any CPU
		{BF098419-F011-4BE5-9C74-8C4A6F869EBC}.Debug|Any CPU.Build.0 = Debug|Any CPU
		{BF098419-F011-4BE5-9C74-8C4A6F869EBC}.Release|Any CPU.ActiveCfg = Release|Any CPU
		{BF098419-F011-4BE5-9C74-8C4A6F869EBC}.Release|Any CPU.Build.0 = Release|Any CPU
		{61420585-55D1-4020-B41F-245E20799EEE}.Debug|Any CPU.ActiveCfg = Debug|Any CPU
		{61420585-55D1-4020-B41F-245E20799EEE}.Debug|Any CPU.Build.0 = Debug|Any CPU
		{61420585-55D1-4020-B41F-245E20799EEE}.Release|Any CPU.ActiveCfg = Release|Any CPU
		{61420585-55D1-4020-B41F-245E20799EEE}.Release|Any CPU.Build.0 = Release|Any CPU
		{7DF2E544-8542-4D1D-B76C-57C5A4CFBEF4}.Debug|Any CPU.ActiveCfg = Debug|Any CPU
		{7DF2E544-8542-4D1D-B76C-57C5A4CFBEF4}.Debug|Any CPU.Build.0 = Debug|Any CPU
		{7DF2E544-8542-4D1D-B76C-57C5A4CFBEF4}.Release|Any CPU.ActiveCfg = Release|Any CPU
		{7DF2E544-8542-4D1D-B76C-57C5A4CFBEF4}.Release|Any CPU.Build.0 = Release|Any CPU
		{82726351-A9C8-4FD2-AF7D-693561189819}.Debug|Any CPU.ActiveCfg = Debug|Any CPU
		{82726351-A9C8-4FD2-AF7D-693561189819}.Debug|Any CPU.Build.0 = Debug|Any CPU
		{82726351-A9C8-4FD2-AF7D-693561189819}.Release|Any CPU.ActiveCfg = Release|Any CPU
		{82726351-A9C8-4FD2-AF7D-693561189819}.Release|Any CPU.Build.0 = Release|Any CPU
		{D86A2223-28F5-4BDA-9129-46920683E8B9}.Debug|Any CPU.ActiveCfg = Debug|Any CPU
		{D86A2223-28F5-4BDA-9129-46920683E8B9}.Debug|Any CPU.Build.0 = Debug|Any CPU
		{D86A2223-28F5-4BDA-9129-46920683E8B9}.Release|Any CPU.ActiveCfg = Release|Any CPU
		{D86A2223-28F5-4BDA-9129-46920683E8B9}.Release|Any CPU.Build.0 = Release|Any CPU
		{6C5E6D3E-520C-448E-AF7A-A6B49DD04DBB}.Debug|Any CPU.ActiveCfg = Debug|Any CPU
		{6C5E6D3E-520C-448E-AF7A-A6B49DD04DBB}.Debug|Any CPU.Build.0 = Debug|Any CPU
		{6C5E6D3E-520C-448E-AF7A-A6B49DD04DBB}.Release|Any CPU.ActiveCfg = Release|Any CPU
		{6C5E6D3E-520C-448E-AF7A-A6B49DD04DBB}.Release|Any CPU.Build.0 = Release|Any CPU
		{8EE56DD5-6693-49CF-9462-8DED2F8F499E}.Debug|Any CPU.ActiveCfg = Debug|Any CPU
		{8EE56DD5-6693-49CF-9462-8DED2F8F499E}.Debug|Any CPU.Build.0 = Debug|Any CPU
		{8EE56DD5-6693-49CF-9462-8DED2F8F499E}.Release|Any CPU.ActiveCfg = Release|Any CPU
		{8EE56DD5-6693-49CF-9462-8DED2F8F499E}.Release|Any CPU.Build.0 = Release|Any CPU
		{B9EDE902-5FF8-4B44-A559-513F282597E4}.Debug|Any CPU.ActiveCfg = Debug|Any CPU
		{B9EDE902-5FF8-4B44-A559-513F282597E4}.Debug|Any CPU.Build.0 = Debug|Any CPU
		{B9EDE902-5FF8-4B44-A559-513F282597E4}.Release|Any CPU.ActiveCfg = Release|Any CPU
		{B9EDE902-5FF8-4B44-A559-513F282597E4}.Release|Any CPU.Build.0 = Release|Any CPU
		{067E4693-21A1-44C9-8BEF-9B1D16F0B93B}.Debug|Any CPU.ActiveCfg = Debug|Any CPU
		{067E4693-21A1-44C9-8BEF-9B1D16F0B93B}.Debug|Any CPU.Build.0 = Debug|Any CPU
		{067E4693-21A1-44C9-8BEF-9B1D16F0B93B}.Release|Any CPU.ActiveCfg = Release|Any CPU
		{067E4693-21A1-44C9-8BEF-9B1D16F0B93B}.Release|Any CPU.Build.0 = Release|Any CPU
		{426BE424-FF7C-47F6-BD97-C80E3392A7B3}.Debug|Any CPU.ActiveCfg = Debug|Any CPU
		{426BE424-FF7C-47F6-BD97-C80E3392A7B3}.Debug|Any CPU.Build.0 = Debug|Any CPU
		{426BE424-FF7C-47F6-BD97-C80E3392A7B3}.Release|Any CPU.ActiveCfg = Release|Any CPU
		{426BE424-FF7C-47F6-BD97-C80E3392A7B3}.Release|Any CPU.Build.0 = Release|Any CPU
		{4FE7E0FC-30B5-4929-B2DD-EADF912EB262}.Debug|Any CPU.ActiveCfg = Debug|Any CPU
		{4FE7E0FC-30B5-4929-B2DD-EADF912EB262}.Debug|Any CPU.Build.0 = Debug|Any CPU
		{4FE7E0FC-30B5-4929-B2DD-EADF912EB262}.Release|Any CPU.ActiveCfg = Release|Any CPU
		{4FE7E0FC-30B5-4929-B2DD-EADF912EB262}.Release|Any CPU.Build.0 = Release|Any CPU
		{CA826C64-09E2-43CE-AAC7-D7DF56FA3238}.Debug|Any CPU.ActiveCfg = Debug|Any CPU
		{CA826C64-09E2-43CE-AAC7-D7DF56FA3238}.Debug|Any CPU.Build.0 = Debug|Any CPU
		{CA826C64-09E2-43CE-AAC7-D7DF56FA3238}.Release|Any CPU.ActiveCfg = Release|Any CPU
		{CA826C64-09E2-43CE-AAC7-D7DF56FA3238}.Release|Any CPU.Build.0 = Release|Any CPU
		{83E68B4E-7CFF-4883-AAAC-5D238D1036BC}.Debug|Any CPU.ActiveCfg = Debug|Any CPU
		{83E68B4E-7CFF-4883-AAAC-5D238D1036BC}.Debug|Any CPU.Build.0 = Debug|Any CPU
		{83E68B4E-7CFF-4883-AAAC-5D238D1036BC}.Release|Any CPU.ActiveCfg = Release|Any CPU
		{83E68B4E-7CFF-4883-AAAC-5D238D1036BC}.Release|Any CPU.Build.0 = Release|Any CPU
		{6644C962-D407-47A5-AAC4-7B37A3B3F84F}.Debug|Any CPU.ActiveCfg = Debug|Any CPU
		{6644C962-D407-47A5-AAC4-7B37A3B3F84F}.Debug|Any CPU.Build.0 = Debug|Any CPU
		{6644C962-D407-47A5-AAC4-7B37A3B3F84F}.Release|Any CPU.ActiveCfg = Release|Any CPU
		{6644C962-D407-47A5-AAC4-7B37A3B3F84F}.Release|Any CPU.Build.0 = Release|Any CPU
		{362FB32B-029D-4153-A589-4AFD07343FF8}.Debug|Any CPU.ActiveCfg = Debug|Any CPU
		{362FB32B-029D-4153-A589-4AFD07343FF8}.Debug|Any CPU.Build.0 = Debug|Any CPU
		{362FB32B-029D-4153-A589-4AFD07343FF8}.Release|Any CPU.ActiveCfg = Release|Any CPU
		{362FB32B-029D-4153-A589-4AFD07343FF8}.Release|Any CPU.Build.0 = Release|Any CPU
		{57AAB6D1-1751-4B70-86B5-EB968AE25D29}.Debug|Any CPU.ActiveCfg = Debug|Any CPU
		{57AAB6D1-1751-4B70-86B5-EB968AE25D29}.Debug|Any CPU.Build.0 = Debug|Any CPU
		{57AAB6D1-1751-4B70-86B5-EB968AE25D29}.Release|Any CPU.ActiveCfg = Release|Any CPU
		{57AAB6D1-1751-4B70-86B5-EB968AE25D29}.Release|Any CPU.Build.0 = Release|Any CPU
		{52810657-47B9-418D-8D61-CA93ADB77E68}.Debug|Any CPU.ActiveCfg = Debug|Any CPU
		{52810657-47B9-418D-8D61-CA93ADB77E68}.Debug|Any CPU.Build.0 = Debug|Any CPU
		{52810657-47B9-418D-8D61-CA93ADB77E68}.Release|Any CPU.ActiveCfg = Release|Any CPU
		{52810657-47B9-418D-8D61-CA93ADB77E68}.Release|Any CPU.Build.0 = Release|Any CPU
		{71C33E38-CDBA-4872-8A58-F63B481D4B72}.Debug|Any CPU.ActiveCfg = Debug|Any CPU
		{71C33E38-CDBA-4872-8A58-F63B481D4B72}.Debug|Any CPU.Build.0 = Debug|Any CPU
		{71C33E38-CDBA-4872-8A58-F63B481D4B72}.Release|Any CPU.ActiveCfg = Release|Any CPU
		{71C33E38-CDBA-4872-8A58-F63B481D4B72}.Release|Any CPU.Build.0 = Release|Any CPU
		{09457BDE-35E6-4B6A-813E-4587E5CBC56C}.Debug|Any CPU.ActiveCfg = Debug|Any CPU
		{09457BDE-35E6-4B6A-813E-4587E5CBC56C}.Debug|Any CPU.Build.0 = Debug|Any CPU
		{09457BDE-35E6-4B6A-813E-4587E5CBC56C}.Release|Any CPU.ActiveCfg = Release|Any CPU
		{09457BDE-35E6-4B6A-813E-4587E5CBC56C}.Release|Any CPU.Build.0 = Release|Any CPU
		{175DB5AC-DF0C-47F6-BAB4-92E5D25182F7}.Debug|Any CPU.ActiveCfg = Debug|Any CPU
		{175DB5AC-DF0C-47F6-BAB4-92E5D25182F7}.Debug|Any CPU.Build.0 = Debug|Any CPU
		{175DB5AC-DF0C-47F6-BAB4-92E5D25182F7}.Release|Any CPU.ActiveCfg = Release|Any CPU
		{175DB5AC-DF0C-47F6-BAB4-92E5D25182F7}.Release|Any CPU.Build.0 = Release|Any CPU
		{08F174BE-95D1-4884-9E2A-4291D25583ED}.Debug|Any CPU.ActiveCfg = Debug|Any CPU
		{08F174BE-95D1-4884-9E2A-4291D25583ED}.Debug|Any CPU.Build.0 = Debug|Any CPU
		{08F174BE-95D1-4884-9E2A-4291D25583ED}.Release|Any CPU.ActiveCfg = Release|Any CPU
		{08F174BE-95D1-4884-9E2A-4291D25583ED}.Release|Any CPU.Build.0 = Release|Any CPU
		{8ECB1CA6-6AD6-46A3-84D8-BA96514EE5A7}.Debug|Any CPU.ActiveCfg = Debug|Any CPU
		{8ECB1CA6-6AD6-46A3-84D8-BA96514EE5A7}.Debug|Any CPU.Build.0 = Debug|Any CPU
		{8ECB1CA6-6AD6-46A3-84D8-BA96514EE5A7}.Release|Any CPU.ActiveCfg = Release|Any CPU
		{8ECB1CA6-6AD6-46A3-84D8-BA96514EE5A7}.Release|Any CPU.Build.0 = Release|Any CPU
		{C17F8F3B-393C-4D06-A2B5-D6A5A1935086}.Debug|Any CPU.ActiveCfg = Debug|Any CPU
		{C17F8F3B-393C-4D06-A2B5-D6A5A1935086}.Debug|Any CPU.Build.0 = Debug|Any CPU
		{C17F8F3B-393C-4D06-A2B5-D6A5A1935086}.Release|Any CPU.ActiveCfg = Release|Any CPU
		{C17F8F3B-393C-4D06-A2B5-D6A5A1935086}.Release|Any CPU.Build.0 = Release|Any CPU
		{637599AF-F939-403F-8E27-4CB354B5F3C6}.Debug|Any CPU.ActiveCfg = Debug|Any CPU
		{637599AF-F939-403F-8E27-4CB354B5F3C6}.Debug|Any CPU.Build.0 = Debug|Any CPU
		{637599AF-F939-403F-8E27-4CB354B5F3C6}.Release|Any CPU.ActiveCfg = Release|Any CPU
		{637599AF-F939-403F-8E27-4CB354B5F3C6}.Release|Any CPU.Build.0 = Release|Any CPU
		{33DD70D1-D99B-491A-9F39-03EF5527A963}.Debug|Any CPU.ActiveCfg = Debug|Any CPU
		{33DD70D1-D99B-491A-9F39-03EF5527A963}.Debug|Any CPU.Build.0 = Debug|Any CPU
		{33DD70D1-D99B-491A-9F39-03EF5527A963}.Release|Any CPU.ActiveCfg = Release|Any CPU
		{33DD70D1-D99B-491A-9F39-03EF5527A963}.Release|Any CPU.Build.0 = Release|Any CPU
		{733178D5-7AFB-4E1F-B9F0-CF02A84D8588}.Debug|Any CPU.ActiveCfg = Debug|Any CPU
		{733178D5-7AFB-4E1F-B9F0-CF02A84D8588}.Debug|Any CPU.Build.0 = Debug|Any CPU
		{733178D5-7AFB-4E1F-B9F0-CF02A84D8588}.Release|Any CPU.ActiveCfg = Release|Any CPU
		{733178D5-7AFB-4E1F-B9F0-CF02A84D8588}.Release|Any CPU.Build.0 = Release|Any CPU
		{9D5F68CF-5031-4033-86FD-94561CC002BC}.Debug|Any CPU.ActiveCfg = Debug|Any CPU
		{9D5F68CF-5031-4033-86FD-94561CC002BC}.Debug|Any CPU.Build.0 = Debug|Any CPU
		{9D5F68CF-5031-4033-86FD-94561CC002BC}.Release|Any CPU.ActiveCfg = Release|Any CPU
		{9D5F68CF-5031-4033-86FD-94561CC002BC}.Release|Any CPU.Build.0 = Release|Any CPU
		{7B2C4C37-6F70-4CD3-9CA9-E72D19807E2C}.Debug|Any CPU.ActiveCfg = Debug|Any CPU
		{7B2C4C37-6F70-4CD3-9CA9-E72D19807E2C}.Debug|Any CPU.Build.0 = Debug|Any CPU
		{7B2C4C37-6F70-4CD3-9CA9-E72D19807E2C}.Release|Any CPU.ActiveCfg = Release|Any CPU
		{7B2C4C37-6F70-4CD3-9CA9-E72D19807E2C}.Release|Any CPU.Build.0 = Release|Any CPU
		{F32F5F3F-1FB1-41D9-AD6F-218A358B89AB}.Debug|Any CPU.ActiveCfg = Debug|Any CPU
		{F32F5F3F-1FB1-41D9-AD6F-218A358B89AB}.Debug|Any CPU.Build.0 = Debug|Any CPU
		{F32F5F3F-1FB1-41D9-AD6F-218A358B89AB}.Release|Any CPU.ActiveCfg = Release|Any CPU
		{F32F5F3F-1FB1-41D9-AD6F-218A358B89AB}.Release|Any CPU.Build.0 = Release|Any CPU
		{6948B452-4C6A-4008-845E-000D63ED6C3B}.Debug|Any CPU.ActiveCfg = Debug|Any CPU
		{6948B452-4C6A-4008-845E-000D63ED6C3B}.Debug|Any CPU.Build.0 = Debug|Any CPU
		{6948B452-4C6A-4008-845E-000D63ED6C3B}.Release|Any CPU.ActiveCfg = Release|Any CPU
		{6948B452-4C6A-4008-845E-000D63ED6C3B}.Release|Any CPU.Build.0 = Release|Any CPU
		{2D788858-D70D-453E-A3A6-823397BE055B}.Debug|Any CPU.ActiveCfg = Debug|Any CPU
		{2D788858-D70D-453E-A3A6-823397BE055B}.Debug|Any CPU.Build.0 = Debug|Any CPU
		{2D788858-D70D-453E-A3A6-823397BE055B}.Release|Any CPU.ActiveCfg = Release|Any CPU
		{2D788858-D70D-453E-A3A6-823397BE055B}.Release|Any CPU.Build.0 = Release|Any CPU
		{3235EFEF-0BE9-4A83-8A0F-3B6BB6E4A153}.Debug|Any CPU.ActiveCfg = Debug|Any CPU
		{3235EFEF-0BE9-4A83-8A0F-3B6BB6E4A153}.Debug|Any CPU.Build.0 = Debug|Any CPU
		{3235EFEF-0BE9-4A83-8A0F-3B6BB6E4A153}.Release|Any CPU.ActiveCfg = Release|Any CPU
		{3235EFEF-0BE9-4A83-8A0F-3B6BB6E4A153}.Release|Any CPU.Build.0 = Release|Any CPU
		{0F5D4800-3F76-4DA1-8BBC-0F59D6E0C7B7}.Debug|Any CPU.ActiveCfg = Debug|Any CPU
		{0F5D4800-3F76-4DA1-8BBC-0F59D6E0C7B7}.Debug|Any CPU.Build.0 = Debug|Any CPU
		{0F5D4800-3F76-4DA1-8BBC-0F59D6E0C7B7}.Release|Any CPU.ActiveCfg = Release|Any CPU
		{0F5D4800-3F76-4DA1-8BBC-0F59D6E0C7B7}.Release|Any CPU.Build.0 = Release|Any CPU
		{D0206D18-E538-492F-920C-EB460CB9039A}.Debug|Any CPU.ActiveCfg = Debug|Any CPU
		{D0206D18-E538-492F-920C-EB460CB9039A}.Debug|Any CPU.Build.0 = Debug|Any CPU
		{D0206D18-E538-492F-920C-EB460CB9039A}.Release|Any CPU.ActiveCfg = Release|Any CPU
		{D0206D18-E538-492F-920C-EB460CB9039A}.Release|Any CPU.Build.0 = Release|Any CPU
		{8B1D0310-B5E3-4950-9C90-E9012C71B3C3}.Debug|Any CPU.ActiveCfg = Debug|Any CPU
		{8B1D0310-B5E3-4950-9C90-E9012C71B3C3}.Debug|Any CPU.Build.0 = Debug|Any CPU
		{8B1D0310-B5E3-4950-9C90-E9012C71B3C3}.Release|Any CPU.ActiveCfg = Release|Any CPU
		{8B1D0310-B5E3-4950-9C90-E9012C71B3C3}.Release|Any CPU.Build.0 = Release|Any CPU
		{23487D5F-A63D-40F7-8DA8-4801DBD4DB32}.Debug|Any CPU.ActiveCfg = Debug|Any CPU
		{23487D5F-A63D-40F7-8DA8-4801DBD4DB32}.Debug|Any CPU.Build.0 = Debug|Any CPU
		{23487D5F-A63D-40F7-8DA8-4801DBD4DB32}.Release|Any CPU.ActiveCfg = Release|Any CPU
		{23487D5F-A63D-40F7-8DA8-4801DBD4DB32}.Release|Any CPU.Build.0 = Release|Any CPU
		{BE37C687-316A-47A1-A586-B6769BFD8F4F}.Debug|Any CPU.ActiveCfg = Debug|Any CPU
		{BE37C687-316A-47A1-A586-B6769BFD8F4F}.Debug|Any CPU.Build.0 = Debug|Any CPU
		{BE37C687-316A-47A1-A586-B6769BFD8F4F}.Release|Any CPU.ActiveCfg = Release|Any CPU
		{BE37C687-316A-47A1-A586-B6769BFD8F4F}.Release|Any CPU.Build.0 = Release|Any CPU
		{38EBAF8D-2AF7-4041-9B48-90FB42C227A3}.Debug|Any CPU.ActiveCfg = Debug|Any CPU
		{38EBAF8D-2AF7-4041-9B48-90FB42C227A3}.Debug|Any CPU.Build.0 = Debug|Any CPU
		{38EBAF8D-2AF7-4041-9B48-90FB42C227A3}.Release|Any CPU.ActiveCfg = Release|Any CPU
		{38EBAF8D-2AF7-4041-9B48-90FB42C227A3}.Release|Any CPU.Build.0 = Release|Any CPU
		{FDB7DD4A-4F5B-404F-B318-1D2A5062376B}.Debug|Any CPU.ActiveCfg = Debug|Any CPU
		{FDB7DD4A-4F5B-404F-B318-1D2A5062376B}.Debug|Any CPU.Build.0 = Debug|Any CPU
		{FDB7DD4A-4F5B-404F-B318-1D2A5062376B}.Release|Any CPU.ActiveCfg = Release|Any CPU
		{FDB7DD4A-4F5B-404F-B318-1D2A5062376B}.Release|Any CPU.Build.0 = Release|Any CPU
	EndGlobalSection
	GlobalSection(SolutionProperties) = preSolution
		HideSolutionNode = FALSE
	EndGlobalSection
	GlobalSection(NestedProjects) = preSolution
		{BF098419-F011-4BE5-9C74-8C4A6F869EBC} = {FE0BAF1B-2061-4E19-ADAC-D3B1CB5C0FE7}
		{61420585-55D1-4020-B41F-245E20799EEE} = {FE0BAF1B-2061-4E19-ADAC-D3B1CB5C0FE7}
		{7DF2E544-8542-4D1D-B76C-57C5A4CFBEF4} = {FE0BAF1B-2061-4E19-ADAC-D3B1CB5C0FE7}
		{82726351-A9C8-4FD2-AF7D-693561189819} = {DB3A31EA-CEF0-427C-A368-A619ECC6043A}
		{D86A2223-28F5-4BDA-9129-46920683E8B9} = {DB3A31EA-CEF0-427C-A368-A619ECC6043A}
		{6C5E6D3E-520C-448E-AF7A-A6B49DD04DBB} = {6BDFFB9E-A6D1-461D-8B8D-2FB6A746A27E}
		{8EE56DD5-6693-49CF-9462-8DED2F8F499E} = {6BDFFB9E-A6D1-461D-8B8D-2FB6A746A27E}
		{B9EDE902-5FF8-4B44-A559-513F282597E4} = {9C271013-4939-4CC7-829D-2B5B94342F8A}
		{067E4693-21A1-44C9-8BEF-9B1D16F0B93B} = {9C271013-4939-4CC7-829D-2B5B94342F8A}
		{426BE424-FF7C-47F6-BD97-C80E3392A7B3} = {55D755B7-36ED-40DD-B856-B280D2DA64C1}
		{4FE7E0FC-30B5-4929-B2DD-EADF912EB262} = {55D755B7-36ED-40DD-B856-B280D2DA64C1}
		{CA826C64-09E2-43CE-AAC7-D7DF56FA3238} = {5C54ABB0-464F-4C76-A406-7EE99729BC7C}
		{83E68B4E-7CFF-4883-AAAC-5D238D1036BC} = {5C54ABB0-464F-4C76-A406-7EE99729BC7C}
		{6644C962-D407-47A5-AAC4-7B37A3B3F84F} = {5C54ABB0-464F-4C76-A406-7EE99729BC7C}
		{362FB32B-029D-4153-A589-4AFD07343FF8} = {46A4046F-260E-40D5-91B6-5E249DAF8E72}
		{57AAB6D1-1751-4B70-86B5-EB968AE25D29} = {46A4046F-260E-40D5-91B6-5E249DAF8E72}
		{52810657-47B9-418D-8D61-CA93ADB77E68} = {E4BFC524-BE90-4F32-BB56-C37BF80389C0}
		{71C33E38-CDBA-4872-8A58-F63B481D4B72} = {E4BFC524-BE90-4F32-BB56-C37BF80389C0}
		{09457BDE-35E6-4B6A-813E-4587E5CBC56C} = {E4BFC524-BE90-4F32-BB56-C37BF80389C0}
		{175DB5AC-DF0C-47F6-BAB4-92E5D25182F7} = {2F030085-0AC4-40F6-B607-41777DE403A3}
		{08F174BE-95D1-4884-9E2A-4291D25583ED} = {2F030085-0AC4-40F6-B607-41777DE403A3}
		{8ECB1CA6-6AD6-46A3-84D8-BA96514EE5A7} = {C0DD54C3-6B7E-476B-9BA0-F97A63C32F05}
		{C17F8F3B-393C-4D06-A2B5-D6A5A1935086} = {C0DD54C3-6B7E-476B-9BA0-F97A63C32F05}
		{637599AF-F939-403F-8E27-4CB354B5F3C6} = {FCF387E6-3FD7-4B65-A806-5E46930FDD69}
		{33DD70D1-D99B-491A-9F39-03EF5527A963} = {FCF387E6-3FD7-4B65-A806-5E46930FDD69}
		{733178D5-7AFB-4E1F-B9F0-CF02A84D8588} = {FCF387E6-3FD7-4B65-A806-5E46930FDD69}
		{9D5F68CF-5031-4033-86FD-94561CC002BC} = {FCF387E6-3FD7-4B65-A806-5E46930FDD69}
		{7B2C4C37-6F70-4CD3-9CA9-E72D19807E2C} = {11E81C33-6387-4B58-9CDE-F2B238DA1D30}
		{F32F5F3F-1FB1-41D9-AD6F-218A358B89AB} = {11E81C33-6387-4B58-9CDE-F2B238DA1D30}
		{6948B452-4C6A-4008-845E-000D63ED6C3B} = {40BA6611-D520-42CC-90E3-CE2284A66176}
		{2D788858-D70D-453E-A3A6-823397BE055B} = {40BA6611-D520-42CC-90E3-CE2284A66176}
		{3235EFEF-0BE9-4A83-8A0F-3B6BB6E4A153} = {40BA6611-D520-42CC-90E3-CE2284A66176}
		{0F5D4800-3F76-4DA1-8BBC-0F59D6E0C7B7} = {040A00FB-4101-41C6-A240-20D40237BD3F}
		{D0206D18-E538-492F-920C-EB460CB9039A} = {040A00FB-4101-41C6-A240-20D40237BD3F}
		{8B1D0310-B5E3-4950-9C90-E9012C71B3C3} = {040A00FB-4101-41C6-A240-20D40237BD3F}
		{23487D5F-A63D-40F7-8DA8-4801DBD4DB32} = {7A02CC88-3104-4CD3-9F49-72112A92782D}
		{BE37C687-316A-47A1-A586-B6769BFD8F4F} = {7375D03E-C9C4-458F-B0A6-BA33CB341A23}
		{38EBAF8D-2AF7-4041-9B48-90FB42C227A3} = {7375D03E-C9C4-458F-B0A6-BA33CB341A23}
		{FDB7DD4A-4F5B-404F-B318-1D2A5062376B} = {7375D03E-C9C4-458F-B0A6-BA33CB341A23}
	EndGlobalSection
	GlobalSection(ExtensibilityGlobals) = postSolution
		SolutionGuid = {AB01A021-EBC8-4652-B69F-84F0F7FAF1B2}
	EndGlobalSection
EndGlobal
